// !$*UTF8*$!
{
	archiveVersion = 1;
	classes = {
	};
	objectVersion = 46;
	objects = {

/* Begin PBXBuildFile section */
		4D08F9D11C8534AF008140FF /* AppDelegate.swift in Sources */ = {isa = PBXBuildFile; fileRef = 4D08F9D01C8534AF008140FF /* AppDelegate.swift */; };
		4D08F9D31C8534AF008140FF /* ViewController.swift in Sources */ = {isa = PBXBuildFile; fileRef = 4D08F9D21C8534AF008140FF /* ViewController.swift */; };
		4D08F9D61C8534AF008140FF /* Main.storyboard in Resources */ = {isa = PBXBuildFile; fileRef = 4D08F9D41C8534AF008140FF /* Main.storyboard */; };
		4D08F9D91C8534AF008140FF /* core_data_basics.xcdatamodeld in Sources */ = {isa = PBXBuildFile; fileRef = 4D08F9D71C8534AF008140FF /* core_data_basics.xcdatamodeld */; };
		4D08F9DB1C8534AF008140FF /* Assets.xcassets in Resources */ = {isa = PBXBuildFile; fileRef = 4D08F9DA1C8534AF008140FF /* Assets.xcassets */; };
		4D08F9DE1C8534AF008140FF /* LaunchScreen.storyboard in Resources */ = {isa = PBXBuildFile; fileRef = 4D08F9DC1C8534AF008140FF /* LaunchScreen.storyboard */; };
		4DA364681C8E2828000A6B64 /* Recipe+CoreDataProperties.swift in Sources */ = {isa = PBXBuildFile; fileRef = 4DA364661C8E2827000A6B64 /* Recipe+CoreDataProperties.swift */; };
		4DA364691C8E2828000A6B64 /* Recipe.swift in Sources */ = {isa = PBXBuildFile; fileRef = 4DA364671C8E2827000A6B64 /* Recipe.swift */; };
		4DA3646B1C8E29B2000A6B64 /* RecipeCell.swift in Sources */ = {isa = PBXBuildFile; fileRef = 4DA3646A1C8E29B2000A6B64 /* RecipeCell.swift */; };
		4DA3646D1C8E3098000A6B64 /* AddRecipeVC.swift in Sources */ = {isa = PBXBuildFile; fileRef = 4DA3646C1C8E3098000A6B64 /* AddRecipeVC.swift */; };
/* End PBXBuildFile section */

/* Begin PBXFileReference section */
		4D08F9CD1C8534AF008140FF /* core-data-basics.app */ = {isa = PBXFileReference; explicitFileType = wrapper.application; includeInIndex = 0; path = "core-data-basics.app"; sourceTree = BUILT_PRODUCTS_DIR; };
		4D08F9D01C8534AF008140FF /* AppDelegate.swift */ = {isa = PBXFileReference; lastKnownFileType = sourcecode.swift; path = AppDelegate.swift; sourceTree = "<group>"; };
		4D08F9D21C8534AF008140FF /* ViewController.swift */ = {isa = PBXFileReference; lastKnownFileType = sourcecode.swift; path = ViewController.swift; sourceTree = "<group>"; };
		4D08F9D51C8534AF008140FF /* Base */ = {isa = PBXFileReference; lastKnownFileType = file.storyboard; name = Base; path = Base.lproj/Main.storyboard; sourceTree = "<group>"; };
		4D08F9D81C8534AF008140FF /* core_data_basics.xcdatamodel */ = {isa = PBXFileReference; lastKnownFileType = wrapper.xcdatamodel; path = core_data_basics.xcdatamodel; sourceTree = "<group>"; };
		4D08F9DA1C8534AF008140FF /* Assets.xcassets */ = {isa = PBXFileReference; lastKnownFileType = folder.assetcatalog; path = Assets.xcassets; sourceTree = "<group>"; };
		4D08F9DD1C8534AF008140FF /* Base */ = {isa = PBXFileReference; lastKnownFileType = file.storyboard; name = Base; path = Base.lproj/LaunchScreen.storyboard; sourceTree = "<group>"; };
		4D08F9DF1C8534AF008140FF /* Info.plist */ = {isa = PBXFileReference; lastKnownFileType = text.plist.xml; path = Info.plist; sourceTree = "<group>"; };
		4DA364661C8E2827000A6B64 /* Recipe+CoreDataProperties.swift */ = {isa = PBXFileReference; fileEncoding = 4; lastKnownFileType = sourcecode.swift; name = "Recipe+CoreDataProperties.swift"; path = "../Recipe+CoreDataProperties.swift"; sourceTree = "<group>"; };
		4DA364671C8E2827000A6B64 /* Recipe.swift */ = {isa = PBXFileReference; fileEncoding = 4; lastKnownFileType = sourcecode.swift; name = Recipe.swift; path = ../Recipe.swift; sourceTree = "<group>"; };
		4DA3646A1C8E29B2000A6B64 /* RecipeCell.swift */ = {isa = PBXFileReference; fileEncoding = 4; lastKnownFileType = sourcecode.swift; path = RecipeCell.swift; sourceTree = "<group>"; };
		4DA3646C1C8E3098000A6B64 /* AddRecipeVC.swift */ = {isa = PBXFileReference; fileEncoding = 4; lastKnownFileType = sourcecode.swift; path = AddRecipeVC.swift; sourceTree = "<group>"; };
/* End PBXFileReference section */

/* Begin PBXFrameworksBuildPhase section */
		4D08F9CA1C8534AF008140FF /* Frameworks */ = {
			isa = PBXFrameworksBuildPhase;
			buildActionMask = 2147483647;
			files = (
			);
			runOnlyForDeploymentPostprocessing = 0;
		};
/* End PBXFrameworksBuildPhase section */

/* Begin PBXGroup section */
		4D08F9C41C8534AF008140FF = {
			isa = PBXGroup;
			children = (
				4D08F9CF1C8534AF008140FF /* core-data-basics */,
				4D08F9CE1C8534AF008140FF /* Products */,
			);
			sourceTree = "<group>";
		};
		4D08F9CE1C8534AF008140FF /* Products */ = {
			isa = PBXGroup;
			children = (
				4D08F9CD1C8534AF008140FF /* core-data-basics.app */,
			);
			name = Products;
			sourceTree = "<group>";
		};
		4D08F9CF1C8534AF008140FF /* core-data-basics */ = {
			isa = PBXGroup;
			children = (
				4DA364651C8E27CF000A6B64 /* Controller */,
				4DA364641C8E27CA000A6B64 /* View */,
				4DA364631C8E27C6000A6B64 /* Model */,
				4D08F9D01C8534AF008140FF /* AppDelegate.swift */,
				4D08F9DA1C8534AF008140FF /* Assets.xcassets */,
				4D08F9DF1C8534AF008140FF /* Info.plist */,
				4D08F9D71C8534AF008140FF /* core_data_basics.xcdatamodeld */,
			);
			path = "core-data-basics";
			sourceTree = "<group>";
		};
		4DA364631C8E27C6000A6B64 /* Model */ = {
			isa = PBXGroup;
			children = (
				4DA364661C8E2827000A6B64 /* Recipe+CoreDataProperties.swift */,
				4DA364671C8E2827000A6B64 /* Recipe.swift */,
			);
			name = Model;
			sourceTree = "<group>";
		};
		4DA364641C8E27CA000A6B64 /* View */ = {
			isa = PBXGroup;
			children = (
				4D08F9DC1C8534AF008140FF /* LaunchScreen.storyboard */,
				4D08F9D41C8534AF008140FF /* Main.storyboard */,
				4DA3646A1C8E29B2000A6B64 /* RecipeCell.swift */,
			);
			name = View;
			sourceTree = "<group>";
		};
		4DA364651C8E27CF000A6B64 /* Controller */ = {
			isa = PBXGroup;
			children = (
				4D08F9D21C8534AF008140FF /* ViewController.swift */,
				4DA3646C1C8E3098000A6B64 /* AddRecipeVC.swift */,
			);
			name = Controller;
			sourceTree = "<group>";
		};
/* End PBXGroup section */

/* Begin PBXNativeTarget section */
		4D08F9CC1C8534AF008140FF /* core-data-basics */ = {
			isa = PBXNativeTarget;
			buildConfigurationList = 4D08F9E21C8534AF008140FF /* Build configuration list for PBXNativeTarget "core-data-basics" */;
			buildPhases = (
				4D08F9C91C8534AF008140FF /* Sources */,
				4D08F9CA1C8534AF008140FF /* Frameworks */,
				4D08F9CB1C8534AF008140FF /* Resources */,
			);
			buildRules = (
			);
			dependencies = (
			);
			name = "core-data-basics";
			productName = "core-data-basics";
			productReference = 4D08F9CD1C8534AF008140FF /* core-data-basics.app */;
			productType = "com.apple.product-type.application";
		};
/* End PBXNativeTarget section */

/* Begin PBXProject section */
		4D08F9C51C8534AF008140FF /* Project object */ = {
			isa = PBXProject;
			attributes = {
				LastSwiftUpdateCheck = 0720;
				LastUpgradeCheck = 0720;
				ORGANIZATIONNAME = dryverless;
				TargetAttributes = {
					4D08F9CC1C8534AF008140FF = {
						CreatedOnToolsVersion = 7.2;
					};
				};
			};
			buildConfigurationList = 4D08F9C81C8534AF008140FF /* Build configuration list for PBXProject "core-data-basics" */;
			compatibilityVersion = "Xcode 3.2";
			developmentRegion = English;
			hasScannedForEncodings = 0;
			knownRegions = (
				en,
				Base,
			);
			mainGroup = 4D08F9C41C8534AF008140FF;
			productRefGroup = 4D08F9CE1C8534AF008140FF /* Products */;
			projectDirPath = "";
			projectRoot = "";
			targets = (
				4D08F9CC1C8534AF008140FF /* core-data-basics */,
			);
		};
/* End PBXProject section */

/* Begin PBXResourcesBuildPhase section */
		4D08F9CB1C8534AF008140FF /* Resources */ = {
			isa = PBXResourcesBuildPhase;
			buildActionMask = 2147483647;
			files = (
				4D08F9DE1C8534AF008140FF /* LaunchScreen.storyboard in Resources */,
				4D08F9DB1C8534AF008140FF /* Assets.xcassets in Resources */,
				4D08F9D61C8534AF008140FF /* Main.storyboard in Resources */,
			);
			runOnlyForDeploymentPostprocessing = 0;
		};
/* End PBXResourcesBuildPhase section */

/* Begin PBXSourcesBuildPhase section */
		4D08F9C91C8534AF008140FF /* Sources */ = {
			isa = PBXSourcesBuildPhase;
			buildActionMask = 2147483647;
			files = (
				4D08F9D31C8534AF008140FF /* ViewController.swift in Sources */,
				4DA364681C8E2828000A6B64 /* Recipe+CoreDataProperties.swift in Sources */,
				4DA3646D1C8E3098000A6B64 /* AddRecipeVC.swift in Sources */,
				4D08F9D11C8534AF008140FF /* AppDelegate.swift in Sources */,
				4DA3646B1C8E29B2000A6B64 /* RecipeCell.swift in Sources */,
				4D08F9D91C8534AF008140FF /* core_data_basics.xcdatamodeld in Sources */,
				4DA364691C8E2828000A6B64 /* Recipe.swift in Sources */,
			);
			runOnlyForDeploymentPostprocessing = 0;
		};
/* End PBXSourcesBuildPhase section */

/* Begin PBXVariantGroup section */
		4D08F9D41C8534AF008140FF /* Main.storyboard */ = {
			isa = PBXVariantGroup;
			children = (
				4D08F9D51C8534AF008140FF /* Base */,
			);
			name = Main.storyboard;
			sourceTree = "<group>";
		};
		4D08F9DC1C8534AF008140FF /* LaunchScreen.storyboard */ = {
			isa = PBXVariantGroup;
			children = (
				4D08F9DD1C8534AF008140FF /* Base */,
			);
			name = LaunchScreen.storyboard;
			sourceTree = "<group>";
		};
/* End PBXVariantGroup section */

/* Begin XCBuildConfiguration section */
		4D08F9E01C8534AF008140FF /* Debug */ = {
			isa = XCBuildConfiguration;
			buildSettings = {
				ALWAYS_SEARCH_USER_PATHS = NO;
				CLANG_CXX_LANGUAGE_STANDARD = "gnu++0x";
				CLANG_CXX_LIBRARY = "libc++";
				CLANG_ENABLE_MODULES = YES;
				CLANG_ENABLE_OBJC_ARC = YES;
				CLANG_WARN_BOOL_CONVERSION = YES;
				CLANG_WARN_CONSTANT_CONVERSION = YES;
				CLANG_WARN_DIRECT_OBJC_ISA_USAGE = YES_ERROR;
				CLANG_WARN_EMPTY_BODY = YES;
				CLANG_WARN_ENUM_CONVERSION = YES;
				CLANG_WARN_INT_CONVERSION = YES;
				CLANG_WARN_OBJC_ROOT_CLASS = YES_ERROR;
				CLANG_WARN_UNREACHABLE_CODE = YES;
				CLANG_WARN__DUPLICATE_METHOD_MATCH = YES;
				"CODE_SIGN_IDENTITY[sdk=iphoneos*]" = "iPhone Developer";
				COPY_PHASE_STRIP = NO;
				DEBUG_INFORMATION_FORMAT = dwarf;
				ENABLE_STRICT_OBJC_MSGSEND = YES;
				ENABLE_TESTABILITY = YES;
				GCC_C_LANGUAGE_STANDARD = gnu99;
				GCC_DYNAMIC_NO_PIC = NO;
				GCC_NO_COMMON_BLOCKS = YES;
				GCC_OPTIMIZATION_LEVEL = 0;
				GCC_PREPROCESSOR_DEFINITIONS = (
					"DEBUG=1",
					"$(inherited)",
				);
				GCC_WARN_64_TO_32_BIT_CONVERSION = YES;
				GCC_WARN_ABOUT_RETURN_TYPE = YES_ERROR;
				GCC_WARN_UNDECLARED_SELECTOR = YES;
				GCC_WARN_UNINITIALIZED_AUTOS = YES_AGGRESSIVE;
				GCC_WARN_UNUSED_FUNCTION = YES;
				GCC_WARN_UNUSED_VARIABLE = YES;
				IPHONEOS_DEPLOYMENT_TARGET = 9.2;
				MTL_ENABLE_DEBUG_INFO = YES;
				ONLY_ACTIVE_ARCH = YES;
				SDKROOT = iphoneos;
				SWIFT_OPTIMIZATION_LEVEL = "-Onone";
				TARGETED_DEVICE_FAMILY = "1,2";
			};
			name = Debug;
		};
		4D08F9E11C8534AF008140FF /* Release */ = {
			isa = XCBuildConfiguration;
			buildSettings = {
				ALWAYS_SEARCH_USER_PATHS = NO;
				CLANG_CXX_LANGUAGE_STANDARD = "gnu++0x";
				CLANG_CXX_LIBRARY = "libc++";
				CLANG_ENABLE_MODULES = YES;
				CLANG_ENABLE_OBJC_ARC = YES;
				CLANG_WARN_BOOL_CONVERSION = YES;
				CLANG_WARN_CONSTANT_CONVERSION = YES;
				CLANG_WARN_DIRECT_OBJC_ISA_USAGE = YES_ERROR;
				CLANG_WARN_EMPTY_BODY = YES;
				CLANG_WARN_ENUM_CONVERSION = YES;
				CLANG_WARN_INT_CONVERSION = YES;
				CLANG_WARN_OBJC_ROOT_CLASS = YES_ERROR;
				CLANG_WARN_UNREACHABLE_CODE = YES;
				CLANG_WARN__DUPLICATE_METHOD_MATCH = YES;
				"CODE_SIGN_IDENTITY[sdk=iphoneos*]" = "iPhone Developer";
				COPY_PHASE_STRIP = NO;
				DEBUG_INFORMATION_FORMAT = "dwarf-with-dsym";
				ENABLE_NS_ASSERTIONS = NO;
				ENABLE_STRICT_OBJC_MSGSEND = YES;
				GCC_C_LANGUAGE_STANDARD = gnu99;
				GCC_NO_COMMON_BLOCKS = YES;
				GCC_WARN_64_TO_32_BIT_CONVERSION = YES;
				GCC_WARN_ABOUT_RETURN_TYPE = YES_ERROR;
				GCC_WARN_UNDECLARED_SELECTOR = YES;
				GCC_WARN_UNINITIALIZED_AUTOS = YES_AGGRESSIVE;
				GCC_WARN_UNUSED_FUNCTION = YES;
				GCC_WARN_UNUSED_VARIABLE = YES;
				IPHONEOS_DEPLOYMENT_TARGET = 9.2;
				MTL_ENABLE_DEBUG_INFO = NO;
				SDKROOT = iphoneos;
				TARGETED_DEVICE_FAMILY = "1,2";
				VALIDATE_PRODUCT = YES;
			};
			name = Release;
		};
		4D08F9E31C8534AF008140FF /* Debug */ = {
			isa = XCBuildConfiguration;
			buildSettings = {
				ASSETCATALOG_COMPILER_APPICON_NAME = AppIcon;
				INFOPLIST_FILE = "core-data-basics/Info.plist";
				LD_RUNPATH_SEARCH_PATHS = "$(inherited) @executable_path/Frameworks";
				PRODUCT_BUNDLE_IDENTIFIER = "com.dryverless.core-data-basics";
				PRODUCT_NAME = "$(TARGET_NAME)";
			};
			name = Debug;
		};
		4D08F9E41C8534AF008140FF /* Release */ = {
			isa = XCBuildConfiguration;
			buildSettings = {
				ASSETCATALOG_COMPILER_APPICON_NAME = AppIcon;
				INFOPLIST_FILE = "core-data-basics/Info.plist";
				LD_RUNPATH_SEARCH_PATHS = "$(inherited) @executable_path/Frameworks";
				PRODUCT_BUNDLE_IDENTIFIER = "com.dryverless.core-data-basics";
				PRODUCT_NAME = "$(TARGET_NAME)";
			};
			name = Release;
		};
/* End XCBuildConfiguration section */

/* Begin XCConfigurationList section */
		4D08F9C81C8534AF008140FF /* Build configuration list for PBXProject "core-data-basics" */ = {
			isa = XCConfigurationList;
			buildConfigurations = (
				4D08F9E01C8534AF008140FF /* Debug */,
				4D08F9E11C8534AF008140FF /* Release */,
			);
			defaultConfigurationIsVisible = 0;
			defaultConfigurationName = Release;
		};
		4D08F9E21C8534AF008140FF /* Build configuration list for PBXNativeTarget "core-data-basics" */ = {
			isa = XCConfigurationList;
			buildConfigurations = (
				4D08F9E31C8534AF008140FF /* Debug */,
				4D08F9E41C8534AF008140FF /* Release */,
			);
			defaultConfigurationIsVisible = 0;
			defaultConfigurationName = Release;
		};
/* End XCConfigurationList section */

/* Begin XCVersionGroup section */
		4D08F9D71C8534AF008140FF /* core_data_basics.xcdatamodeld */ = {
			isa = XCVersionGroup;
			children = (
				4D08F9D81C8534AF008140FF /* core_data_basics.xcdatamodel */,
			);
			currentVersion = 4D08F9D81C8534AF008140FF /* core_data_basics.xcdatamodel */;
			path = core_data_basics.xcdatamodeld;
			sourceTree = "<group>";
			versionGroupType = wrapper.xcdatamodel;
		};
/* End XCVersionGroup section */
	};
	rootObject = 4D08F9C51C8534AF008140FF /* Project object */;
}
