// !$*UTF8*$!
{
	archiveVersion = 1;
	classes = {
	};
	objectVersion = 46;
	objects = {

/* Begin PBXBuildFile section */
		4DDC543C1C8E59DA00845F93 /* AppDelegate.swift in Sources */ = {isa = PBXBuildFile; fileRef = 4DDC543B1C8E59DA00845F93 /* AppDelegate.swift */; };
		4DDC54411C8E59DA00845F93 /* Main.storyboard in Resources */ = {isa = PBXBuildFile; fileRef = 4DDC543F1C8E59DA00845F93 /* Main.storyboard */; };
		4DDC54441C8E59DA00845F93 /* search_controller_basics.xcdatamodeld in Sources */ = {isa = PBXBuildFile; fileRef = 4DDC54421C8E59DA00845F93 /* search_controller_basics.xcdatamodeld */; };
		4DDC54461C8E59DA00845F93 /* Assets.xcassets in Resources */ = {isa = PBXBuildFile; fileRef = 4DDC54451C8E59DA00845F93 /* Assets.xcassets */; };
		4DDC54491C8E59DA00845F93 /* LaunchScreen.storyboard in Resources */ = {isa = PBXBuildFile; fileRef = 4DDC54471C8E59DA00845F93 /* LaunchScreen.storyboard */; };
		4DDC54541C8E5AC000845F93 /* SearchTableVC.swift in Sources */ = {isa = PBXBuildFile; fileRef = 4DDC54531C8E5AC000845F93 /* SearchTableVC.swift */; };
		4DDC54571C8E5BE400845F93 /* Movie+CoreDataProperties.swift in Sources */ = {isa = PBXBuildFile; fileRef = 4DDC54551C8E5BE400845F93 /* Movie+CoreDataProperties.swift */; };
		4DDC54581C8E5BE400845F93 /* Movie.swift in Sources */ = {isa = PBXBuildFile; fileRef = 4DDC54561C8E5BE400845F93 /* Movie.swift */; };
		4DDC545B1C8E5D1100845F93 /* MovieCell.swift in Sources */ = {isa = PBXBuildFile; fileRef = 4DDC54591C8E5D1100845F93 /* MovieCell.swift */; };
		4DDC545C1C8E5D1100845F93 /* MovieCell.xib in Resources */ = {isa = PBXBuildFile; fileRef = 4DDC545A1C8E5D1100845F93 /* MovieCell.xib */; };
		4DDC545E1C8E6ADB00845F93 /* AddMovieVC.swift in Sources */ = {isa = PBXBuildFile; fileRef = 4DDC545D1C8E6ADB00845F93 /* AddMovieVC.swift */; };
/* End PBXBuildFile section */

/* Begin PBXFileReference section */
		4DDC54381C8E59DA00845F93 /* search-controller-basics.app */ = {isa = PBXFileReference; explicitFileType = wrapper.application; includeInIndex = 0; path = "search-controller-basics.app"; sourceTree = BUILT_PRODUCTS_DIR; };
		4DDC543B1C8E59DA00845F93 /* AppDelegate.swift */ = {isa = PBXFileReference; lastKnownFileType = sourcecode.swift; path = AppDelegate.swift; sourceTree = "<group>"; };
		4DDC54401C8E59DA00845F93 /* Base */ = {isa = PBXFileReference; lastKnownFileType = file.storyboard; name = Base; path = Base.lproj/Main.storyboard; sourceTree = "<group>"; };
		4DDC54431C8E59DA00845F93 /* search_controller_basics.xcdatamodel */ = {isa = PBXFileReference; lastKnownFileType = wrapper.xcdatamodel; path = search_controller_basics.xcdatamodel; sourceTree = "<group>"; };
		4DDC54451C8E59DA00845F93 /* Assets.xcassets */ = {isa = PBXFileReference; lastKnownFileType = folder.assetcatalog; path = Assets.xcassets; sourceTree = "<group>"; };
		4DDC54481C8E59DA00845F93 /* Base */ = {isa = PBXFileReference; lastKnownFileType = file.storyboard; name = Base; path = Base.lproj/LaunchScreen.storyboard; sourceTree = "<group>"; };
		4DDC544A1C8E59DA00845F93 /* Info.plist */ = {isa = PBXFileReference; lastKnownFileType = text.plist.xml; path = Info.plist; sourceTree = "<group>"; };
		4DDC54531C8E5AC000845F93 /* SearchTableVC.swift */ = {isa = PBXFileReference; fileEncoding = 4; lastKnownFileType = sourcecode.swift; path = SearchTableVC.swift; sourceTree = "<group>"; };
		4DDC54551C8E5BE400845F93 /* Movie+CoreDataProperties.swift */ = {isa = PBXFileReference; fileEncoding = 4; lastKnownFileType = sourcecode.swift; path = "Movie+CoreDataProperties.swift"; sourceTree = "<group>"; };
		4DDC54561C8E5BE400845F93 /* Movie.swift */ = {isa = PBXFileReference; fileEncoding = 4; lastKnownFileType = sourcecode.swift; path = Movie.swift; sourceTree = "<group>"; };
		4DDC54591C8E5D1100845F93 /* MovieCell.swift */ = {isa = PBXFileReference; fileEncoding = 4; lastKnownFileType = sourcecode.swift; path = MovieCell.swift; sourceTree = "<group>"; };
		4DDC545A1C8E5D1100845F93 /* MovieCell.xib */ = {isa = PBXFileReference; fileEncoding = 4; lastKnownFileType = file.xib; path = MovieCell.xib; sourceTree = "<group>"; };
		4DDC545D1C8E6ADB00845F93 /* AddMovieVC.swift */ = {isa = PBXFileReference; fileEncoding = 4; lastKnownFileType = sourcecode.swift; path = AddMovieVC.swift; sourceTree = "<group>"; };
/* End PBXFileReference section */

/* Begin PBXFrameworksBuildPhase section */
		4DDC54351C8E59DA00845F93 /* Frameworks */ = {
			isa = PBXFrameworksBuildPhase;
			buildActionMask = 2147483647;
			files = (
			);
			runOnlyForDeploymentPostprocessing = 0;
		};
/* End PBXFrameworksBuildPhase section */

/* Begin PBXGroup section */
		4DDC542F1C8E59DA00845F93 = {
			isa = PBXGroup;
			children = (
				4DDC543A1C8E59DA00845F93 /* search-controller-basics */,
				4DDC54391C8E59DA00845F93 /* Products */,
			);
			sourceTree = "<group>";
		};
		4DDC54391C8E59DA00845F93 /* Products */ = {
			isa = PBXGroup;
			children = (
				4DDC54381C8E59DA00845F93 /* search-controller-basics.app */,
			);
			name = Products;
			sourceTree = "<group>";
		};
		4DDC543A1C8E59DA00845F93 /* search-controller-basics */ = {
			isa = PBXGroup;
			children = (
				4DDC54521C8E5A8F00845F93 /* Controller */,
				4DDC54511C8E5A8B00845F93 /* View */,
				4DDC54501C8E5A6000845F93 /* Model */,
				4DDC543B1C8E59DA00845F93 /* AppDelegate.swift */,
				4DDC54451C8E59DA00845F93 /* Assets.xcassets */,
				4DDC544A1C8E59DA00845F93 /* Info.plist */,
				4DDC54421C8E59DA00845F93 /* search_controller_basics.xcdatamodeld */,
			);
			path = "search-controller-basics";
			sourceTree = "<group>";
		};
		4DDC54501C8E5A6000845F93 /* Model */ = {
			isa = PBXGroup;
			children = (
				4DDC54551C8E5BE400845F93 /* Movie+CoreDataProperties.swift */,
				4DDC54561C8E5BE400845F93 /* Movie.swift */,
			);
			name = Model;
			sourceTree = "<group>";
		};
		4DDC54511C8E5A8B00845F93 /* View */ = {
			isa = PBXGroup;
			children = (
				4DDC54471C8E59DA00845F93 /* LaunchScreen.storyboard */,
				4DDC543F1C8E59DA00845F93 /* Main.storyboard */,
				4DDC54591C8E5D1100845F93 /* MovieCell.swift */,
				4DDC545A1C8E5D1100845F93 /* MovieCell.xib */,
			);
			name = View;
			sourceTree = "<group>";
		};
		4DDC54521C8E5A8F00845F93 /* Controller */ = {
			isa = PBXGroup;
			children = (
				4DDC54531C8E5AC000845F93 /* SearchTableVC.swift */,
				4DDC545D1C8E6ADB00845F93 /* AddMovieVC.swift */,
			);
			name = Controller;
			sourceTree = "<group>";
		};
/* End PBXGroup section */

/* Begin PBXNativeTarget section */
		4DDC54371C8E59DA00845F93 /* search-controller-basics */ = {
			isa = PBXNativeTarget;
			buildConfigurationList = 4DDC544D1C8E59DA00845F93 /* Build configuration list for PBXNativeTarget "search-controller-basics" */;
			buildPhases = (
				4DDC54341C8E59DA00845F93 /* Sources */,
				4DDC54351C8E59DA00845F93 /* Frameworks */,
				4DDC54361C8E59DA00845F93 /* Resources */,
			);
			buildRules = (
			);
			dependencies = (
			);
			name = "search-controller-basics";
			productName = "search-controller-basics";
			productReference = 4DDC54381C8E59DA00845F93 /* search-controller-basics.app */;
			productType = "com.apple.product-type.application";
		};
/* End PBXNativeTarget section */

/* Begin PBXProject section */
		4DDC54301C8E59DA00845F93 /* Project object */ = {
			isa = PBXProject;
			attributes = {
				LastSwiftUpdateCheck = 0720;
				LastUpgradeCheck = 0720;
				ORGANIZATIONNAME = dryverless;
				TargetAttributes = {
					4DDC54371C8E59DA00845F93 = {
						CreatedOnToolsVersion = 7.2.1;
					};
				};
			};
			buildConfigurationList = 4DDC54331C8E59DA00845F93 /* Build configuration list for PBXProject "search-controller-basics" */;
			compatibilityVersion = "Xcode 3.2";
			developmentRegion = English;
			hasScannedForEncodings = 0;
			knownRegions = (
				en,
				Base,
			);
			mainGroup = 4DDC542F1C8E59DA00845F93;
			productRefGroup = 4DDC54391C8E59DA00845F93 /* Products */;
			projectDirPath = "";
			projectRoot = "";
			targets = (
				4DDC54371C8E59DA00845F93 /* search-controller-basics */,
			);
		};
/* End PBXProject section */

/* Begin PBXResourcesBuildPhase section */
		4DDC54361C8E59DA00845F93 /* Resources */ = {
			isa = PBXResourcesBuildPhase;
			buildActionMask = 2147483647;
			files = (
				4DDC54491C8E59DA00845F93 /* LaunchScreen.storyboard in Resources */,
				4DDC54461C8E59DA00845F93 /* Assets.xcassets in Resources */,
				4DDC545C1C8E5D1100845F93 /* MovieCell.xib in Resources */,
				4DDC54411C8E59DA00845F93 /* Main.storyboard in Resources */,
			);
			runOnlyForDeploymentPostprocessing = 0;
		};
/* End PBXResourcesBuildPhase section */

/* Begin PBXSourcesBuildPhase section */
		4DDC54341C8E59DA00845F93 /* Sources */ = {
			isa = PBXSourcesBuildPhase;
			buildActionMask = 2147483647;
			files = (
				4DDC54571C8E5BE400845F93 /* Movie+CoreDataProperties.swift in Sources */,
				4DDC543C1C8E59DA00845F93 /* AppDelegate.swift in Sources */,
				4DDC545B1C8E5D1100845F93 /* MovieCell.swift in Sources */,
				4DDC54441C8E59DA00845F93 /* search_controller_basics.xcdatamodeld in Sources */,
				4DDC545E1C8E6ADB00845F93 /* AddMovieVC.swift in Sources */,
				4DDC54541C8E5AC000845F93 /* SearchTableVC.swift in Sources */,
				4DDC54581C8E5BE400845F93 /* Movie.swift in Sources */,
			);
			runOnlyForDeploymentPostprocessing = 0;
		};
/* End PBXSourcesBuildPhase section */

/* Begin PBXVariantGroup section */
		4DDC543F1C8E59DA00845F93 /* Main.storyboard */ = {
			isa = PBXVariantGroup;
			children = (
				4DDC54401C8E59DA00845F93 /* Base */,
			);
			name = Main.storyboard;
			sourceTree = "<group>";
		};
		4DDC54471C8E59DA00845F93 /* LaunchScreen.storyboard */ = {
			isa = PBXVariantGroup;
			children = (
				4DDC54481C8E59DA00845F93 /* Base */,
			);
			name = LaunchScreen.storyboard;
			sourceTree = "<group>";
		};
/* End PBXVariantGroup section */

/* Begin XCBuildConfiguration section */
		4DDC544B1C8E59DA00845F93 /* Debug */ = {
			isa = XCBuildConfiguration;
			buildSettings = {
				ALWAYS_SEARCH_USER_PATHS = NO;
				CLANG_CXX_LANGUAGE_STANDARD = "gnu++0x";
				CLANG_CXX_LIBRARY = "libc++";
				CLANG_ENABLE_MODULES = YES;
				CLANG_ENABLE_OBJC_ARC = YES;
				CLANG_WARN_BOOL_CONVERSION = YES;
				CLANG_WARN_CONSTANT_CONVERSION = YES;
				CLANG_WARN_DIRECT_OBJC_ISA_USAGE = YES_ERROR;
				CLANG_WARN_EMPTY_BODY = YES;
				CLANG_WARN_ENUM_CONVERSION = YES;
				CLANG_WARN_INT_CONVERSION = YES;
				CLANG_WARN_OBJC_ROOT_CLASS = YES_ERROR;
				CLANG_WARN_UNREACHABLE_CODE = YES;
				CLANG_WARN__DUPLICATE_METHOD_MATCH = YES;
				"CODE_SIGN_IDENTITY[sdk=iphoneos*]" = "iPhone Developer";
				COPY_PHASE_STRIP = NO;
				DEBUG_INFORMATION_FORMAT = dwarf;
				ENABLE_STRICT_OBJC_MSGSEND = YES;
				ENABLE_TESTABILITY = YES;
				GCC_C_LANGUAGE_STANDARD = gnu99;
				GCC_DYNAMIC_NO_PIC = NO;
				GCC_NO_COMMON_BLOCKS = YES;
				GCC_OPTIMIZATION_LEVEL = 0;
				GCC_PREPROCESSOR_DEFINITIONS = (
					"DEBUG=1",
					"$(inherited)",
				);
				GCC_WARN_64_TO_32_BIT_CONVERSION = YES;
				GCC_WARN_ABOUT_RETURN_TYPE = YES_ERROR;
				GCC_WARN_UNDECLARED_SELECTOR = YES;
				GCC_WARN_UNINITIALIZED_AUTOS = YES_AGGRESSIVE;
				GCC_WARN_UNUSED_FUNCTION = YES;
				GCC_WARN_UNUSED_VARIABLE = YES;
				IPHONEOS_DEPLOYMENT_TARGET = 9.2;
				MTL_ENABLE_DEBUG_INFO = YES;
				ONLY_ACTIVE_ARCH = YES;
				SDKROOT = iphoneos;
				SWIFT_OPTIMIZATION_LEVEL = "-Onone";
				TARGETED_DEVICE_FAMILY = "1,2";
			};
			name = Debug;
		};
		4DDC544C1C8E59DA00845F93 /* Release */ = {
			isa = XCBuildConfiguration;
			buildSettings = {
				ALWAYS_SEARCH_USER_PATHS = NO;
				CLANG_CXX_LANGUAGE_STANDARD = "gnu++0x";
				CLANG_CXX_LIBRARY = "libc++";
				CLANG_ENABLE_MODULES = YES;
				CLANG_ENABLE_OBJC_ARC = YES;
				CLANG_WARN_BOOL_CONVERSION = YES;
				CLANG_WARN_CONSTANT_CONVERSION = YES;
				CLANG_WARN_DIRECT_OBJC_ISA_USAGE = YES_ERROR;
				CLANG_WARN_EMPTY_BODY = YES;
				CLANG_WARN_ENUM_CONVERSION = YES;
				CLANG_WARN_INT_CONVERSION = YES;
				CLANG_WARN_OBJC_ROOT_CLASS = YES_ERROR;
				CLANG_WARN_UNREACHABLE_CODE = YES;
				CLANG_WARN__DUPLICATE_METHOD_MATCH = YES;
				"CODE_SIGN_IDENTITY[sdk=iphoneos*]" = "iPhone Developer";
				COPY_PHASE_STRIP = NO;
				DEBUG_INFORMATION_FORMAT = "dwarf-with-dsym";
				ENABLE_NS_ASSERTIONS = NO;
				ENABLE_STRICT_OBJC_MSGSEND = YES;
				GCC_C_LANGUAGE_STANDARD = gnu99;
				GCC_NO_COMMON_BLOCKS = YES;
				GCC_WARN_64_TO_32_BIT_CONVERSION = YES;
				GCC_WARN_ABOUT_RETURN_TYPE = YES_ERROR;
				GCC_WARN_UNDECLARED_SELECTOR = YES;
				GCC_WARN_UNINITIALIZED_AUTOS = YES_AGGRESSIVE;
				GCC_WARN_UNUSED_FUNCTION = YES;
				GCC_WARN_UNUSED_VARIABLE = YES;
				IPHONEOS_DEPLOYMENT_TARGET = 9.2;
				MTL_ENABLE_DEBUG_INFO = NO;
				SDKROOT = iphoneos;
				TARGETED_DEVICE_FAMILY = "1,2";
				VALIDATE_PRODUCT = YES;
			};
			name = Release;
		};
		4DDC544E1C8E59DA00845F93 /* Debug */ = {
			isa = XCBuildConfiguration;
			buildSettings = {
				ASSETCATALOG_COMPILER_APPICON_NAME = AppIcon;
				INFOPLIST_FILE = "search-controller-basics/Info.plist";
				LD_RUNPATH_SEARCH_PATHS = "$(inherited) @executable_path/Frameworks";
				PRODUCT_BUNDLE_IDENTIFIER = "com.dryverless.search-controller-basics";
				PRODUCT_NAME = "$(TARGET_NAME)";
			};
			name = Debug;
		};
		4DDC544F1C8E59DA00845F93 /* Release */ = {
			isa = XCBuildConfiguration;
			buildSettings = {
				ASSETCATALOG_COMPILER_APPICON_NAME = AppIcon;
				INFOPLIST_FILE = "search-controller-basics/Info.plist";
				LD_RUNPATH_SEARCH_PATHS = "$(inherited) @executable_path/Frameworks";
				PRODUCT_BUNDLE_IDENTIFIER = "com.dryverless.search-controller-basics";
				PRODUCT_NAME = "$(TARGET_NAME)";
			};
			name = Release;
		};
/* End XCBuildConfiguration section */

/* Begin XCConfigurationList section */
		4DDC54331C8E59DA00845F93 /* Build configuration list for PBXProject "search-controller-basics" */ = {
			isa = XCConfigurationList;
			buildConfigurations = (
				4DDC544B1C8E59DA00845F93 /* Debug */,
				4DDC544C1C8E59DA00845F93 /* Release */,
			);
			defaultConfigurationIsVisible = 0;
			defaultConfigurationName = Release;
		};
		4DDC544D1C8E59DA00845F93 /* Build configuration list for PBXNativeTarget "search-controller-basics" */ = {
			isa = XCConfigurationList;
			buildConfigurations = (
				4DDC544E1C8E59DA00845F93 /* Debug */,
				4DDC544F1C8E59DA00845F93 /* Release */,
			);
			defaultConfigurationIsVisible = 0;
		};
/* End XCConfigurationList section */

/* Begin XCVersionGroup section */
		4DDC54421C8E59DA00845F93 /* search_controller_basics.xcdatamodeld */ = {
			isa = XCVersionGroup;
			children = (
				4DDC54431C8E59DA00845F93 /* search_controller_basics.xcdatamodel */,
			);
			currentVersion = 4DDC54431C8E59DA00845F93 /* search_controller_basics.xcdatamodel */;
			path = search_controller_basics.xcdatamodeld;
			sourceTree = "<group>";
			versionGroupType = wrapper.xcdatamodel;
		};
/* End XCVersionGroup section */
	};
	rootObject = 4DDC54301C8E59DA00845F93 /* Project object */;
}
