// !$*UTF8*$!
{
	archiveVersion = 1;
	classes = {
	};
	objectVersion = 46;
	objects = {

/* Begin PBXBuildFile section */
		4D4D0DD61C87F1F800A1673A /* AppDelegate.swift in Sources */ = {isa = PBXBuildFile; fileRef = 4D4D0DD51C87F1F800A1673A /* AppDelegate.swift */; };
		4D4D0DD81C87F1F800A1673A /* ViewController.swift in Sources */ = {isa = PBXBuildFile; fileRef = 4D4D0DD71C87F1F800A1673A /* ViewController.swift */; };
		4D4D0DDB1C87F1F800A1673A /* Main.storyboard in Resources */ = {isa = PBXBuildFile; fileRef = 4D4D0DD91C87F1F800A1673A /* Main.storyboard */; };
		4D4D0DDD1C87F1F800A1673A /* Assets.xcassets in Resources */ = {isa = PBXBuildFile; fileRef = 4D4D0DDC1C87F1F800A1673A /* Assets.xcassets */; };
		4D4D0DE01C87F1F800A1673A /* LaunchScreen.storyboard in Resources */ = {isa = PBXBuildFile; fileRef = 4D4D0DDE1C87F1F800A1673A /* LaunchScreen.storyboard */; };
/* End PBXBuildFile section */

/* Begin PBXFileReference section */
		4D4D0DD21C87F1F800A1673A /* touchid-authentication-basics.app */ = {isa = PBXFileReference; explicitFileType = wrapper.application; includeInIndex = 0; path = "touchid-authentication-basics.app"; sourceTree = BUILT_PRODUCTS_DIR; };
		4D4D0DD51C87F1F800A1673A /* AppDelegate.swift */ = {isa = PBXFileReference; lastKnownFileType = sourcecode.swift; path = AppDelegate.swift; sourceTree = "<group>"; };
		4D4D0DD71C87F1F800A1673A /* ViewController.swift */ = {isa = PBXFileReference; lastKnownFileType = sourcecode.swift; path = ViewController.swift; sourceTree = "<group>"; };
		4D4D0DDA1C87F1F800A1673A /* Base */ = {isa = PBXFileReference; lastKnownFileType = file.storyboard; name = Base; path = Base.lproj/Main.storyboard; sourceTree = "<group>"; };
		4D4D0DDC1C87F1F800A1673A /* Assets.xcassets */ = {isa = PBXFileReference; lastKnownFileType = folder.assetcatalog; path = Assets.xcassets; sourceTree = "<group>"; };
		4D4D0DDF1C87F1F800A1673A /* Base */ = {isa = PBXFileReference; lastKnownFileType = file.storyboard; name = Base; path = Base.lproj/LaunchScreen.storyboard; sourceTree = "<group>"; };
		4D4D0DE11C87F1F800A1673A /* Info.plist */ = {isa = PBXFileReference; lastKnownFileType = text.plist.xml; path = Info.plist; sourceTree = "<group>"; };
/* End PBXFileReference section */

/* Begin PBXFrameworksBuildPhase section */
		4D4D0DCF1C87F1F800A1673A /* Frameworks */ = {
			isa = PBXFrameworksBuildPhase;
			buildActionMask = 2147483647;
			files = (
			);
			runOnlyForDeploymentPostprocessing = 0;
		};
/* End PBXFrameworksBuildPhase section */

/* Begin PBXGroup section */
		4D4D0DC91C87F1F800A1673A = {
			isa = PBXGroup;
			children = (
				4D4D0DD41C87F1F800A1673A /* touchid-authentication-basics */,
				4D4D0DD31C87F1F800A1673A /* Products */,
			);
			sourceTree = "<group>";
		};
		4D4D0DD31C87F1F800A1673A /* Products */ = {
			isa = PBXGroup;
			children = (
				4D4D0DD21C87F1F800A1673A /* touchid-authentication-basics.app */,
			);
			name = Products;
			sourceTree = "<group>";
		};
		4D4D0DD41C87F1F800A1673A /* touchid-authentication-basics */ = {
			isa = PBXGroup;
			children = (
				4D4D0DD51C87F1F800A1673A /* AppDelegate.swift */,
				4D4D0DD71C87F1F800A1673A /* ViewController.swift */,
				4D4D0DD91C87F1F800A1673A /* Main.storyboard */,
				4D4D0DDC1C87F1F800A1673A /* Assets.xcassets */,
				4D4D0DDE1C87F1F800A1673A /* LaunchScreen.storyboard */,
				4D4D0DE11C87F1F800A1673A /* Info.plist */,
			);
			path = "touchid-authentication-basics";
			sourceTree = "<group>";
		};
/* End PBXGroup section */

/* Begin PBXNativeTarget section */
		4D4D0DD11C87F1F800A1673A /* touchid-authentication-basics */ = {
			isa = PBXNativeTarget;
			buildConfigurationList = 4D4D0DE41C87F1F800A1673A /* Build configuration list for PBXNativeTarget "touchid-authentication-basics" */;
			buildPhases = (
				4D4D0DCE1C87F1F800A1673A /* Sources */,
				4D4D0DCF1C87F1F800A1673A /* Frameworks */,
				4D4D0DD01C87F1F800A1673A /* Resources */,
			);
			buildRules = (
			);
			dependencies = (
			);
			name = "touchid-authentication-basics";
			productName = "touchid-authentication-basics";
			productReference = 4D4D0DD21C87F1F800A1673A /* touchid-authentication-basics.app */;
			productType = "com.apple.product-type.application";
		};
/* End PBXNativeTarget section */

/* Begin PBXProject section */
		4D4D0DCA1C87F1F800A1673A /* Project object */ = {
			isa = PBXProject;
			attributes = {
				LastSwiftUpdateCheck = 0720;
				LastUpgradeCheck = 0720;
				ORGANIZATIONNAME = dryverless;
				TargetAttributes = {
					4D4D0DD11C87F1F800A1673A = {
						CreatedOnToolsVersion = 7.2;
					};
				};
			};
			buildConfigurationList = 4D4D0DCD1C87F1F800A1673A /* Build configuration list for PBXProject "touchid-authentication-basics" */;
			compatibilityVersion = "Xcode 3.2";
			developmentRegion = English;
			hasScannedForEncodings = 0;
			knownRegions = (
				en,
				Base,
			);
			mainGroup = 4D4D0DC91C87F1F800A1673A;
			productRefGroup = 4D4D0DD31C87F1F800A1673A /* Products */;
			projectDirPath = "";
			projectRoot = "";
			targets = (
				4D4D0DD11C87F1F800A1673A /* touchid-authentication-basics */,
			);
		};
/* End PBXProject section */

/* Begin PBXResourcesBuildPhase section */
		4D4D0DD01C87F1F800A1673A /* Resources */ = {
			isa = PBXResourcesBuildPhase;
			buildActionMask = 2147483647;
			files = (
				4D4D0DE01C87F1F800A1673A /* LaunchScreen.storyboard in Resources */,
				4D4D0DDD1C87F1F800A1673A /* Assets.xcassets in Resources */,
				4D4D0DDB1C87F1F800A1673A /* Main.storyboard in Resources */,
			);
			runOnlyForDeploymentPostprocessing = 0;
		};
/* End PBXResourcesBuildPhase section */

/* Begin PBXSourcesBuildPhase section */
		4D4D0DCE1C87F1F800A1673A /* Sources */ = {
			isa = PBXSourcesBuildPhase;
			buildActionMask = 2147483647;
			files = (
				4D4D0DD81C87F1F800A1673A /* ViewController.swift in Sources */,
				4D4D0DD61C87F1F800A1673A /* AppDelegate.swift in Sources */,
			);
			runOnlyForDeploymentPostprocessing = 0;
		};
/* End PBXSourcesBuildPhase section */

/* Begin PBXVariantGroup section */
		4D4D0DD91C87F1F800A1673A /* Main.storyboard */ = {
			isa = PBXVariantGroup;
			children = (
				4D4D0DDA1C87F1F800A1673A /* Base */,
			);
			name = Main.storyboard;
			sourceTree = "<group>";
		};
		4D4D0DDE1C87F1F800A1673A /* LaunchScreen.storyboard */ = {
			isa = PBXVariantGroup;
			children = (
				4D4D0DDF1C87F1F800A1673A /* Base */,
			);
			name = LaunchScreen.storyboard;
			sourceTree = "<group>";
		};
/* End PBXVariantGroup section */

/* Begin XCBuildConfiguration section */
		4D4D0DE21C87F1F800A1673A /* Debug */ = {
			isa = XCBuildConfiguration;
			buildSettings = {
				ALWAYS_SEARCH_USER_PATHS = NO;
				CLANG_CXX_LANGUAGE_STANDARD = "gnu++0x";
				CLANG_CXX_LIBRARY = "libc++";
				CLANG_ENABLE_MODULES = YES;
				CLANG_ENABLE_OBJC_ARC = YES;
				CLANG_WARN_BOOL_CONVERSION = YES;
				CLANG_WARN_CONSTANT_CONVERSION = YES;
				CLANG_WARN_DIRECT_OBJC_ISA_USAGE = YES_ERROR;
				CLANG_WARN_EMPTY_BODY = YES;
				CLANG_WARN_ENUM_CONVERSION = YES;
				CLANG_WARN_INT_CONVERSION = YES;
				CLANG_WARN_OBJC_ROOT_CLASS = YES_ERROR;
				CLANG_WARN_UNREACHABLE_CODE = YES;
				CLANG_WARN__DUPLICATE_METHOD_MATCH = YES;
				"CODE_SIGN_IDENTITY[sdk=iphoneos*]" = "iPhone Developer";
				COPY_PHASE_STRIP = NO;
				DEBUG_INFORMATION_FORMAT = dwarf;
				ENABLE_STRICT_OBJC_MSGSEND = YES;
				ENABLE_TESTABILITY = YES;
				GCC_C_LANGUAGE_STANDARD = gnu99;
				GCC_DYNAMIC_NO_PIC = NO;
				GCC_NO_COMMON_BLOCKS = YES;
				GCC_OPTIMIZATION_LEVEL = 0;
				GCC_PREPROCESSOR_DEFINITIONS = (
					"DEBUG=1",
					"$(inherited)",
				);
				GCC_WARN_64_TO_32_BIT_CONVERSION = YES;
				GCC_WARN_ABOUT_RETURN_TYPE = YES_ERROR;
				GCC_WARN_UNDECLARED_SELECTOR = YES;
				GCC_WARN_UNINITIALIZED_AUTOS = YES_AGGRESSIVE;
				GCC_WARN_UNUSED_FUNCTION = YES;
				GCC_WARN_UNUSED_VARIABLE = YES;
				IPHONEOS_DEPLOYMENT_TARGET = 9.2;
				MTL_ENABLE_DEBUG_INFO = YES;
				ONLY_ACTIVE_ARCH = YES;
				SDKROOT = iphoneos;
				SWIFT_OPTIMIZATION_LEVEL = "-Onone";
				TARGETED_DEVICE_FAMILY = "1,2";
			};
			name = Debug;
		};
		4D4D0DE31C87F1F800A1673A /* Release */ = {
			isa = XCBuildConfiguration;
			buildSettings = {
				ALWAYS_SEARCH_USER_PATHS = NO;
				CLANG_CXX_LANGUAGE_STANDARD = "gnu++0x";
				CLANG_CXX_LIBRARY = "libc++";
				CLANG_ENABLE_MODULES = YES;
				CLANG_ENABLE_OBJC_ARC = YES;
				CLANG_WARN_BOOL_CONVERSION = YES;
				CLANG_WARN_CONSTANT_CONVERSION = YES;
				CLANG_WARN_DIRECT_OBJC_ISA_USAGE = YES_ERROR;
				CLANG_WARN_EMPTY_BODY = YES;
				CLANG_WARN_ENUM_CONVERSION = YES;
				CLANG_WARN_INT_CONVERSION = YES;
				CLANG_WARN_OBJC_ROOT_CLASS = YES_ERROR;
				CLANG_WARN_UNREACHABLE_CODE = YES;
				CLANG_WARN__DUPLICATE_METHOD_MATCH = YES;
				"CODE_SIGN_IDENTITY[sdk=iphoneos*]" = "iPhone Developer";
				COPY_PHASE_STRIP = NO;
				DEBUG_INFORMATION_FORMAT = "dwarf-with-dsym";
				ENABLE_NS_ASSERTIONS = NO;
				ENABLE_STRICT_OBJC_MSGSEND = YES;
				GCC_C_LANGUAGE_STANDARD = gnu99;
				GCC_NO_COMMON_BLOCKS = YES;
				GCC_WARN_64_TO_32_BIT_CONVERSION = YES;
				GCC_WARN_ABOUT_RETURN_TYPE = YES_ERROR;
				GCC_WARN_UNDECLARED_SELECTOR = YES;
				GCC_WARN_UNINITIALIZED_AUTOS = YES_AGGRESSIVE;
				GCC_WARN_UNUSED_FUNCTION = YES;
				GCC_WARN_UNUSED_VARIABLE = YES;
				IPHONEOS_DEPLOYMENT_TARGET = 9.2;
				MTL_ENABLE_DEBUG_INFO = NO;
				SDKROOT = iphoneos;
				TARGETED_DEVICE_FAMILY = "1,2";
				VALIDATE_PRODUCT = YES;
			};
			name = Release;
		};
		4D4D0DE51C87F1F800A1673A /* Debug */ = {
			isa = XCBuildConfiguration;
			buildSettings = {
				ASSETCATALOG_COMPILER_APPICON_NAME = AppIcon;
				INFOPLIST_FILE = "touchid-authentication-basics/Info.plist";
				LD_RUNPATH_SEARCH_PATHS = "$(inherited) @executable_path/Frameworks";
				PRODUCT_BUNDLE_IDENTIFIER = "com.dryverless.touchid-authentication-basics";
				PRODUCT_NAME = "$(TARGET_NAME)";
			};
			name = Debug;
		};
		4D4D0DE61C87F1F800A1673A /* Release */ = {
			isa = XCBuildConfiguration;
			buildSettings = {
				ASSETCATALOG_COMPILER_APPICON_NAME = AppIcon;
				INFOPLIST_FILE = "touchid-authentication-basics/Info.plist";
				LD_RUNPATH_SEARCH_PATHS = "$(inherited) @executable_path/Frameworks";
				PRODUCT_BUNDLE_IDENTIFIER = "com.dryverless.touchid-authentication-basics";
				PRODUCT_NAME = "$(TARGET_NAME)";
			};
			name = Release;
		};
/* End XCBuildConfiguration section */

/* Begin XCConfigurationList section */
		4D4D0DCD1C87F1F800A1673A /* Build configuration list for PBXProject "touchid-authentication-basics" */ = {
			isa = XCConfigurationList;
			buildConfigurations = (
				4D4D0DE21C87F1F800A1673A /* Debug */,
				4D4D0DE31C87F1F800A1673A /* Release */,
			);
			defaultConfigurationIsVisible = 0;
			defaultConfigurationName = Release;
		};
		4D4D0DE41C87F1F800A1673A /* Build configuration list for PBXNativeTarget "touchid-authentication-basics" */ = {
			isa = XCConfigurationList;
			buildConfigurations = (
				4D4D0DE51C87F1F800A1673A /* Debug */,
				4D4D0DE61C87F1F800A1673A /* Release */,
			);
			defaultConfigurationIsVisible = 0;
		};
/* End XCConfigurationList section */
	};
	rootObject = 4D4D0DCA1C87F1F800A1673A /* Project object */;
}
