// !$*UTF8*$!
{
	archiveVersion = 1;
	classes = {
	};
	objectVersion = 46;
	objects = {

/* Begin PBXBuildFile section */
		4D178FB71C79E8440001CC81 /* AppDelegate.swift in Sources */ = {isa = PBXBuildFile; fileRef = 4D178FB61C79E8440001CC81 /* AppDelegate.swift */; };
		4D178FB91C79E8440001CC81 /* FirstViewController.swift in Sources */ = {isa = PBXBuildFile; fileRef = 4D178FB81C79E8440001CC81 /* FirstViewController.swift */; };
		4D178FBB1C79E8440001CC81 /* LocationVC.swift in Sources */ = {isa = PBXBuildFile; fileRef = 4D178FBA1C79E8440001CC81 /* LocationVC.swift */; };
		4D178FBE1C79E8440001CC81 /* Main.storyboard in Resources */ = {isa = PBXBuildFile; fileRef = 4D178FBC1C79E8440001CC81 /* Main.storyboard */; };
		4D178FC01C79E8440001CC81 /* Assets.xcassets in Resources */ = {isa = PBXBuildFile; fileRef = 4D178FBF1C79E8440001CC81 /* Assets.xcassets */; };
		4D178FC31C79E8440001CC81 /* LaunchScreen.storyboard in Resources */ = {isa = PBXBuildFile; fileRef = 4D178FC11C79E8440001CC81 /* LaunchScreen.storyboard */; };
		4D178FCB1C79EEDE0001CC81 /* SampleAnnotation.swift in Sources */ = {isa = PBXBuildFile; fileRef = 4D178FCA1C79EEDE0001CC81 /* SampleAnnotation.swift */; };
/* End PBXBuildFile section */

/* Begin PBXFileReference section */
		4D178FB31C79E8440001CC81 /* location-app-exercise.app */ = {isa = PBXFileReference; explicitFileType = wrapper.application; includeInIndex = 0; path = "location-app-exercise.app"; sourceTree = BUILT_PRODUCTS_DIR; };
		4D178FB61C79E8440001CC81 /* AppDelegate.swift */ = {isa = PBXFileReference; lastKnownFileType = sourcecode.swift; path = AppDelegate.swift; sourceTree = "<group>"; };
		4D178FB81C79E8440001CC81 /* FirstViewController.swift */ = {isa = PBXFileReference; lastKnownFileType = sourcecode.swift; path = FirstViewController.swift; sourceTree = "<group>"; };
		4D178FBA1C79E8440001CC81 /* LocationVC.swift */ = {isa = PBXFileReference; lastKnownFileType = sourcecode.swift; path = LocationVC.swift; sourceTree = "<group>"; };
		4D178FBD1C79E8440001CC81 /* Base */ = {isa = PBXFileReference; lastKnownFileType = file.storyboard; name = Base; path = Base.lproj/Main.storyboard; sourceTree = "<group>"; };
		4D178FBF1C79E8440001CC81 /* Assets.xcassets */ = {isa = PBXFileReference; lastKnownFileType = folder.assetcatalog; path = Assets.xcassets; sourceTree = "<group>"; };
		4D178FC21C79E8440001CC81 /* Base */ = {isa = PBXFileReference; lastKnownFileType = file.storyboard; name = Base; path = Base.lproj/LaunchScreen.storyboard; sourceTree = "<group>"; };
		4D178FC41C79E8440001CC81 /* Info.plist */ = {isa = PBXFileReference; lastKnownFileType = text.plist.xml; path = Info.plist; sourceTree = "<group>"; };
		4D178FCA1C79EEDE0001CC81 /* SampleAnnotation.swift */ = {isa = PBXFileReference; fileEncoding = 4; lastKnownFileType = sourcecode.swift; path = SampleAnnotation.swift; sourceTree = "<group>"; };
/* End PBXFileReference section */

/* Begin PBXFrameworksBuildPhase section */
		4D178FB01C79E8440001CC81 /* Frameworks */ = {
			isa = PBXFrameworksBuildPhase;
			buildActionMask = 2147483647;
			files = (
			);
			runOnlyForDeploymentPostprocessing = 0;
		};
/* End PBXFrameworksBuildPhase section */

/* Begin PBXGroup section */
		4D178FAA1C79E8440001CC81 = {
			isa = PBXGroup;
			children = (
				4D178FB51C79E8440001CC81 /* location-app-exercise */,
				4D178FB41C79E8440001CC81 /* Products */,
			);
			sourceTree = "<group>";
		};
		4D178FB41C79E8440001CC81 /* Products */ = {
			isa = PBXGroup;
			children = (
				4D178FB31C79E8440001CC81 /* location-app-exercise.app */,
			);
			name = Products;
			sourceTree = "<group>";
		};
		4D178FB51C79E8440001CC81 /* location-app-exercise */ = {
			isa = PBXGroup;
			children = (
				4D178FB61C79E8440001CC81 /* AppDelegate.swift */,
				4D178FB81C79E8440001CC81 /* FirstViewController.swift */,
				4D178FBA1C79E8440001CC81 /* LocationVC.swift */,
				4D178FBC1C79E8440001CC81 /* Main.storyboard */,
				4D178FBF1C79E8440001CC81 /* Assets.xcassets */,
				4D178FC11C79E8440001CC81 /* LaunchScreen.storyboard */,
				4D178FC41C79E8440001CC81 /* Info.plist */,
				4D178FCA1C79EEDE0001CC81 /* SampleAnnotation.swift */,
			);
			path = "location-app-exercise";
			sourceTree = "<group>";
		};
/* End PBXGroup section */

/* Begin PBXNativeTarget section */
		4D178FB21C79E8440001CC81 /* location-app-exercise */ = {
			isa = PBXNativeTarget;
			buildConfigurationList = 4D178FC71C79E8440001CC81 /* Build configuration list for PBXNativeTarget "location-app-exercise" */;
			buildPhases = (
				4D178FAF1C79E8440001CC81 /* Sources */,
				4D178FB01C79E8440001CC81 /* Frameworks */,
				4D178FB11C79E8440001CC81 /* Resources */,
			);
			buildRules = (
			);
			dependencies = (
			);
			name = "location-app-exercise";
			productName = "location-app-exercise";
			productReference = 4D178FB31C79E8440001CC81 /* location-app-exercise.app */;
			productType = "com.apple.product-type.application";
		};
/* End PBXNativeTarget section */

/* Begin PBXProject section */
		4D178FAB1C79E8440001CC81 /* Project object */ = {
			isa = PBXProject;
			attributes = {
				LastSwiftUpdateCheck = 0720;
				LastUpgradeCheck = 0720;
				ORGANIZATIONNAME = dryverless;
				TargetAttributes = {
					4D178FB21C79E8440001CC81 = {
						CreatedOnToolsVersion = 7.2;
					};
				};
			};
			buildConfigurationList = 4D178FAE1C79E8440001CC81 /* Build configuration list for PBXProject "location-app-exercise" */;
			compatibilityVersion = "Xcode 3.2";
			developmentRegion = English;
			hasScannedForEncodings = 0;
			knownRegions = (
				en,
				Base,
			);
			mainGroup = 4D178FAA1C79E8440001CC81;
			productRefGroup = 4D178FB41C79E8440001CC81 /* Products */;
			projectDirPath = "";
			projectRoot = "";
			targets = (
				4D178FB21C79E8440001CC81 /* location-app-exercise */,
			);
		};
/* End PBXProject section */

/* Begin PBXResourcesBuildPhase section */
		4D178FB11C79E8440001CC81 /* Resources */ = {
			isa = PBXResourcesBuildPhase;
			buildActionMask = 2147483647;
			files = (
				4D178FC31C79E8440001CC81 /* LaunchScreen.storyboard in Resources */,
				4D178FC01C79E8440001CC81 /* Assets.xcassets in Resources */,
				4D178FBE1C79E8440001CC81 /* Main.storyboard in Resources */,
			);
			runOnlyForDeploymentPostprocessing = 0;
		};
/* End PBXResourcesBuildPhase section */

/* Begin PBXSourcesBuildPhase section */
		4D178FAF1C79E8440001CC81 /* Sources */ = {
			isa = PBXSourcesBuildPhase;
			buildActionMask = 2147483647;
			files = (
				4D178FBB1C79E8440001CC81 /* LocationVC.swift in Sources */,
				4D178FB71C79E8440001CC81 /* AppDelegate.swift in Sources */,
				4D178FCB1C79EEDE0001CC81 /* SampleAnnotation.swift in Sources */,
				4D178FB91C79E8440001CC81 /* FirstViewController.swift in Sources */,
			);
			runOnlyForDeploymentPostprocessing = 0;
		};
/* End PBXSourcesBuildPhase section */

/* Begin PBXVariantGroup section */
		4D178FBC1C79E8440001CC81 /* Main.storyboard */ = {
			isa = PBXVariantGroup;
			children = (
				4D178FBD1C79E8440001CC81 /* Base */,
			);
			name = Main.storyboard;
			sourceTree = "<group>";
		};
		4D178FC11C79E8440001CC81 /* LaunchScreen.storyboard */ = {
			isa = PBXVariantGroup;
			children = (
				4D178FC21C79E8440001CC81 /* Base */,
			);
			name = LaunchScreen.storyboard;
			sourceTree = "<group>";
		};
/* End PBXVariantGroup section */

/* Begin XCBuildConfiguration section */
		4D178FC51C79E8440001CC81 /* Debug */ = {
			isa = XCBuildConfiguration;
			buildSettings = {
				ALWAYS_SEARCH_USER_PATHS = NO;
				CLANG_CXX_LANGUAGE_STANDARD = "gnu++0x";
				CLANG_CXX_LIBRARY = "libc++";
				CLANG_ENABLE_MODULES = YES;
				CLANG_ENABLE_OBJC_ARC = YES;
				CLANG_WARN_BOOL_CONVERSION = YES;
				CLANG_WARN_CONSTANT_CONVERSION = YES;
				CLANG_WARN_DIRECT_OBJC_ISA_USAGE = YES_ERROR;
				CLANG_WARN_EMPTY_BODY = YES;
				CLANG_WARN_ENUM_CONVERSION = YES;
				CLANG_WARN_INT_CONVERSION = YES;
				CLANG_WARN_OBJC_ROOT_CLASS = YES_ERROR;
				CLANG_WARN_UNREACHABLE_CODE = YES;
				CLANG_WARN__DUPLICATE_METHOD_MATCH = YES;
				"CODE_SIGN_IDENTITY[sdk=iphoneos*]" = "iPhone Developer";
				COPY_PHASE_STRIP = NO;
				DEBUG_INFORMATION_FORMAT = dwarf;
				ENABLE_STRICT_OBJC_MSGSEND = YES;
				ENABLE_TESTABILITY = YES;
				GCC_C_LANGUAGE_STANDARD = gnu99;
				GCC_DYNAMIC_NO_PIC = NO;
				GCC_NO_COMMON_BLOCKS = YES;
				GCC_OPTIMIZATION_LEVEL = 0;
				GCC_PREPROCESSOR_DEFINITIONS = (
					"DEBUG=1",
					"$(inherited)",
				);
				GCC_WARN_64_TO_32_BIT_CONVERSION = YES;
				GCC_WARN_ABOUT_RETURN_TYPE = YES_ERROR;
				GCC_WARN_UNDECLARED_SELECTOR = YES;
				GCC_WARN_UNINITIALIZED_AUTOS = YES_AGGRESSIVE;
				GCC_WARN_UNUSED_FUNCTION = YES;
				GCC_WARN_UNUSED_VARIABLE = YES;
				IPHONEOS_DEPLOYMENT_TARGET = 9.2;
				MTL_ENABLE_DEBUG_INFO = YES;
				ONLY_ACTIVE_ARCH = YES;
				SDKROOT = iphoneos;
				SWIFT_OPTIMIZATION_LEVEL = "-Onone";
				TARGETED_DEVICE_FAMILY = "1,2";
			};
			name = Debug;
		};
		4D178FC61C79E8440001CC81 /* Release */ = {
			isa = XCBuildConfiguration;
			buildSettings = {
				ALWAYS_SEARCH_USER_PATHS = NO;
				CLANG_CXX_LANGUAGE_STANDARD = "gnu++0x";
				CLANG_CXX_LIBRARY = "libc++";
				CLANG_ENABLE_MODULES = YES;
				CLANG_ENABLE_OBJC_ARC = YES;
				CLANG_WARN_BOOL_CONVERSION = YES;
				CLANG_WARN_CONSTANT_CONVERSION = YES;
				CLANG_WARN_DIRECT_OBJC_ISA_USAGE = YES_ERROR;
				CLANG_WARN_EMPTY_BODY = YES;
				CLANG_WARN_ENUM_CONVERSION = YES;
				CLANG_WARN_INT_CONVERSION = YES;
				CLANG_WARN_OBJC_ROOT_CLASS = YES_ERROR;
				CLANG_WARN_UNREACHABLE_CODE = YES;
				CLANG_WARN__DUPLICATE_METHOD_MATCH = YES;
				"CODE_SIGN_IDENTITY[sdk=iphoneos*]" = "iPhone Developer";
				COPY_PHASE_STRIP = NO;
				DEBUG_INFORMATION_FORMAT = "dwarf-with-dsym";
				ENABLE_NS_ASSERTIONS = NO;
				ENABLE_STRICT_OBJC_MSGSEND = YES;
				GCC_C_LANGUAGE_STANDARD = gnu99;
				GCC_NO_COMMON_BLOCKS = YES;
				GCC_WARN_64_TO_32_BIT_CONVERSION = YES;
				GCC_WARN_ABOUT_RETURN_TYPE = YES_ERROR;
				GCC_WARN_UNDECLARED_SELECTOR = YES;
				GCC_WARN_UNINITIALIZED_AUTOS = YES_AGGRESSIVE;
				GCC_WARN_UNUSED_FUNCTION = YES;
				GCC_WARN_UNUSED_VARIABLE = YES;
				IPHONEOS_DEPLOYMENT_TARGET = 9.2;
				MTL_ENABLE_DEBUG_INFO = NO;
				SDKROOT = iphoneos;
				TARGETED_DEVICE_FAMILY = "1,2";
				VALIDATE_PRODUCT = YES;
			};
			name = Release;
		};
		4D178FC81C79E8440001CC81 /* Debug */ = {
			isa = XCBuildConfiguration;
			buildSettings = {
				ASSETCATALOG_COMPILER_APPICON_NAME = AppIcon;
				INFOPLIST_FILE = "location-app-exercise/Info.plist";
				LD_RUNPATH_SEARCH_PATHS = "$(inherited) @executable_path/Frameworks";
				PRODUCT_BUNDLE_IDENTIFIER = "com.dryverless.location-app-exercise";
				PRODUCT_NAME = "$(TARGET_NAME)";
			};
			name = Debug;
		};
		4D178FC91C79E8440001CC81 /* Release */ = {
			isa = XCBuildConfiguration;
			buildSettings = {
				ASSETCATALOG_COMPILER_APPICON_NAME = AppIcon;
				INFOPLIST_FILE = "location-app-exercise/Info.plist";
				LD_RUNPATH_SEARCH_PATHS = "$(inherited) @executable_path/Frameworks";
				PRODUCT_BUNDLE_IDENTIFIER = "com.dryverless.location-app-exercise";
				PRODUCT_NAME = "$(TARGET_NAME)";
			};
			name = Release;
		};
/* End XCBuildConfiguration section */

/* Begin XCConfigurationList section */
		4D178FAE1C79E8440001CC81 /* Build configuration list for PBXProject "location-app-exercise" */ = {
			isa = XCConfigurationList;
			buildConfigurations = (
				4D178FC51C79E8440001CC81 /* Debug */,
				4D178FC61C79E8440001CC81 /* Release */,
			);
			defaultConfigurationIsVisible = 0;
			defaultConfigurationName = Release;
		};
		4D178FC71C79E8440001CC81 /* Build configuration list for PBXNativeTarget "location-app-exercise" */ = {
			isa = XCConfigurationList;
			buildConfigurations = (
				4D178FC81C79E8440001CC81 /* Debug */,
				4D178FC91C79E8440001CC81 /* Release */,
			);
			defaultConfigurationIsVisible = 0;
		};
/* End XCConfigurationList section */
	};
	rootObject = 4D178FAB1C79E8440001CC81 /* Project object */;
}
