// !$*UTF8*$!
{
	archiveVersion = 1;
	classes = {
	};
	objectVersion = 46;
	objects = {

/* Begin PBXBuildFile section */
		4D8FB77E1C7596CC00D936EE /* AppDelegate.swift in Sources */ = {isa = PBXBuildFile; fileRef = 4D8FB77D1C7596CC00D936EE /* AppDelegate.swift */; };
		4D8FB7801C7596CC00D936EE /* ViewController.swift in Sources */ = {isa = PBXBuildFile; fileRef = 4D8FB77F1C7596CC00D936EE /* ViewController.swift */; };
		4D8FB7831C7596CC00D936EE /* Main.storyboard in Resources */ = {isa = PBXBuildFile; fileRef = 4D8FB7811C7596CC00D936EE /* Main.storyboard */; };
		4D8FB7851C7596CC00D936EE /* Assets.xcassets in Resources */ = {isa = PBXBuildFile; fileRef = 4D8FB7841C7596CC00D936EE /* Assets.xcassets */; };
		4D8FB7881C7596CC00D936EE /* LaunchScreen.storyboard in Resources */ = {isa = PBXBuildFile; fileRef = 4D8FB7861C7596CC00D936EE /* LaunchScreen.storyboard */; };
		4D8FB7951C75981100D936EE /* Person.swift in Sources */ = {isa = PBXBuildFile; fileRef = 4D8FB7941C75981100D936EE /* Person.swift */; };
		4D8FB7991C759B4A00D936EE /* RoundedImageView.swift in Sources */ = {isa = PBXBuildFile; fileRef = 4D8FB7981C759B4A00D936EE /* RoundedImageView.swift */; };
/* End PBXBuildFile section */

/* Begin PBXFileReference section */
		4D8FB77A1C7596CC00D936EE /* mvc-basics.app */ = {isa = PBXFileReference; explicitFileType = wrapper.application; includeInIndex = 0; path = "mvc-basics.app"; sourceTree = BUILT_PRODUCTS_DIR; };
		4D8FB77D1C7596CC00D936EE /* AppDelegate.swift */ = {isa = PBXFileReference; lastKnownFileType = sourcecode.swift; path = AppDelegate.swift; sourceTree = "<group>"; };
		4D8FB77F1C7596CC00D936EE /* ViewController.swift */ = {isa = PBXFileReference; lastKnownFileType = sourcecode.swift; path = ViewController.swift; sourceTree = "<group>"; };
		4D8FB7821C7596CC00D936EE /* Base */ = {isa = PBXFileReference; lastKnownFileType = file.storyboard; name = Base; path = Base.lproj/Main.storyboard; sourceTree = "<group>"; };
		4D8FB7841C7596CC00D936EE /* Assets.xcassets */ = {isa = PBXFileReference; lastKnownFileType = folder.assetcatalog; path = Assets.xcassets; sourceTree = "<group>"; };
		4D8FB7871C7596CC00D936EE /* Base */ = {isa = PBXFileReference; lastKnownFileType = file.storyboard; name = Base; path = Base.lproj/LaunchScreen.storyboard; sourceTree = "<group>"; };
		4D8FB7891C7596CC00D936EE /* Info.plist */ = {isa = PBXFileReference; lastKnownFileType = text.plist.xml; path = Info.plist; sourceTree = "<group>"; };
		4D8FB7941C75981100D936EE /* Person.swift */ = {isa = PBXFileReference; fileEncoding = 4; lastKnownFileType = sourcecode.swift; path = Person.swift; sourceTree = "<group>"; };
		4D8FB7981C759B4A00D936EE /* RoundedImageView.swift */ = {isa = PBXFileReference; fileEncoding = 4; lastKnownFileType = sourcecode.swift; path = RoundedImageView.swift; sourceTree = "<group>"; };
/* End PBXFileReference section */

/* Begin PBXFrameworksBuildPhase section */
		4D8FB7771C7596CC00D936EE /* Frameworks */ = {
			isa = PBXFrameworksBuildPhase;
			buildActionMask = 2147483647;
			files = (
			);
			runOnlyForDeploymentPostprocessing = 0;
		};
/* End PBXFrameworksBuildPhase section */

/* Begin PBXGroup section */
		4D8FB7711C7596CC00D936EE = {
			isa = PBXGroup;
			children = (
				4D8FB77C1C7596CC00D936EE /* mvc-basics */,
				4D8FB77B1C7596CC00D936EE /* Products */,
			);
			sourceTree = "<group>";
		};
		4D8FB77B1C7596CC00D936EE /* Products */ = {
			isa = PBXGroup;
			children = (
				4D8FB77A1C7596CC00D936EE /* mvc-basics.app */,
			);
			name = Products;
			sourceTree = "<group>";
		};
		4D8FB77C1C7596CC00D936EE /* mvc-basics */ = {
			isa = PBXGroup;
			children = (
				4D8FB7931C7597DC00D936EE /* Util */,
				4D8FB7921C7597D200D936EE /* Resources */,
				4D8FB7911C7597C100D936EE /* Controller */,
				4D8FB7901C7597BB00D936EE /* View */,
				4D8FB78F1C75973000D936EE /* Model */,
				4D8FB77D1C7596CC00D936EE /* AppDelegate.swift */,
				4D8FB7811C7596CC00D936EE /* Main.storyboard */,
				4D8FB7841C7596CC00D936EE /* Assets.xcassets */,
				4D8FB7861C7596CC00D936EE /* LaunchScreen.storyboard */,
				4D8FB7891C7596CC00D936EE /* Info.plist */,
			);
			path = "mvc-basics";
			sourceTree = "<group>";
		};
		4D8FB78F1C75973000D936EE /* Model */ = {
			isa = PBXGroup;
			children = (
				4D8FB7941C75981100D936EE /* Person.swift */,
			);
			name = Model;
			sourceTree = "<group>";
		};
		4D8FB7901C7597BB00D936EE /* View */ = {
			isa = PBXGroup;
			children = (
				4D8FB7981C759B4A00D936EE /* RoundedImageView.swift */,
			);
			name = View;
			sourceTree = "<group>";
		};
		4D8FB7911C7597C100D936EE /* Controller */ = {
			isa = PBXGroup;
			children = (
				4D8FB77F1C7596CC00D936EE /* ViewController.swift */,
			);
			name = Controller;
			sourceTree = "<group>";
		};
		4D8FB7921C7597D200D936EE /* Resources */ = {
			isa = PBXGroup;
			children = (
			);
			name = Resources;
			sourceTree = "<group>";
		};
		4D8FB7931C7597DC00D936EE /* Util */ = {
			isa = PBXGroup;
			children = (
			);
			name = Util;
			sourceTree = "<group>";
		};
/* End PBXGroup section */

/* Begin PBXNativeTarget section */
		4D8FB7791C7596CC00D936EE /* mvc-basics */ = {
			isa = PBXNativeTarget;
			buildConfigurationList = 4D8FB78C1C7596CC00D936EE /* Build configuration list for PBXNativeTarget "mvc-basics" */;
			buildPhases = (
				4D8FB7761C7596CC00D936EE /* Sources */,
				4D8FB7771C7596CC00D936EE /* Frameworks */,
				4D8FB7781C7596CC00D936EE /* Resources */,
			);
			buildRules = (
			);
			dependencies = (
			);
			name = "mvc-basics";
			productName = "mvc-basics";
			productReference = 4D8FB77A1C7596CC00D936EE /* mvc-basics.app */;
			productType = "com.apple.product-type.application";
		};
/* End PBXNativeTarget section */

/* Begin PBXProject section */
		4D8FB7721C7596CC00D936EE /* Project object */ = {
			isa = PBXProject;
			attributes = {
				LastSwiftUpdateCheck = 0720;
				LastUpgradeCheck = 0720;
				ORGANIZATIONNAME = dryverless;
				TargetAttributes = {
					4D8FB7791C7596CC00D936EE = {
						CreatedOnToolsVersion = 7.2;
					};
				};
			};
			buildConfigurationList = 4D8FB7751C7596CC00D936EE /* Build configuration list for PBXProject "mvc-basics" */;
			compatibilityVersion = "Xcode 3.2";
			developmentRegion = English;
			hasScannedForEncodings = 0;
			knownRegions = (
				en,
				Base,
			);
			mainGroup = 4D8FB7711C7596CC00D936EE;
			productRefGroup = 4D8FB77B1C7596CC00D936EE /* Products */;
			projectDirPath = "";
			projectRoot = "";
			targets = (
				4D8FB7791C7596CC00D936EE /* mvc-basics */,
			);
		};
/* End PBXProject section */

/* Begin PBXResourcesBuildPhase section */
		4D8FB7781C7596CC00D936EE /* Resources */ = {
			isa = PBXResourcesBuildPhase;
			buildActionMask = 2147483647;
			files = (
				4D8FB7881C7596CC00D936EE /* LaunchScreen.storyboard in Resources */,
				4D8FB7851C7596CC00D936EE /* Assets.xcassets in Resources */,
				4D8FB7831C7596CC00D936EE /* Main.storyboard in Resources */,
			);
			runOnlyForDeploymentPostprocessing = 0;
		};
/* End PBXResourcesBuildPhase section */

/* Begin PBXSourcesBuildPhase section */
		4D8FB7761C7596CC00D936EE /* Sources */ = {
			isa = PBXSourcesBuildPhase;
			buildActionMask = 2147483647;
			files = (
				4D8FB7991C759B4A00D936EE /* RoundedImageView.swift in Sources */,
				4D8FB7951C75981100D936EE /* Person.swift in Sources */,
				4D8FB7801C7596CC00D936EE /* ViewController.swift in Sources */,
				4D8FB77E1C7596CC00D936EE /* AppDelegate.swift in Sources */,
			);
			runOnlyForDeploymentPostprocessing = 0;
		};
/* End PBXSourcesBuildPhase section */

/* Begin PBXVariantGroup section */
		4D8FB7811C7596CC00D936EE /* Main.storyboard */ = {
			isa = PBXVariantGroup;
			children = (
				4D8FB7821C7596CC00D936EE /* Base */,
			);
			name = Main.storyboard;
			sourceTree = "<group>";
		};
		4D8FB7861C7596CC00D936EE /* LaunchScreen.storyboard */ = {
			isa = PBXVariantGroup;
			children = (
				4D8FB7871C7596CC00D936EE /* Base */,
			);
			name = LaunchScreen.storyboard;
			sourceTree = "<group>";
		};
/* End PBXVariantGroup section */

/* Begin XCBuildConfiguration section */
		4D8FB78A1C7596CC00D936EE /* Debug */ = {
			isa = XCBuildConfiguration;
			buildSettings = {
				ALWAYS_SEARCH_USER_PATHS = NO;
				CLANG_CXX_LANGUAGE_STANDARD = "gnu++0x";
				CLANG_CXX_LIBRARY = "libc++";
				CLANG_ENABLE_MODULES = YES;
				CLANG_ENABLE_OBJC_ARC = YES;
				CLANG_WARN_BOOL_CONVERSION = YES;
				CLANG_WARN_CONSTANT_CONVERSION = YES;
				CLANG_WARN_DIRECT_OBJC_ISA_USAGE = YES_ERROR;
				CLANG_WARN_EMPTY_BODY = YES;
				CLANG_WARN_ENUM_CONVERSION = YES;
				CLANG_WARN_INT_CONVERSION = YES;
				CLANG_WARN_OBJC_ROOT_CLASS = YES_ERROR;
				CLANG_WARN_UNREACHABLE_CODE = YES;
				CLANG_WARN__DUPLICATE_METHOD_MATCH = YES;
				"CODE_SIGN_IDENTITY[sdk=iphoneos*]" = "iPhone Developer";
				COPY_PHASE_STRIP = NO;
				DEBUG_INFORMATION_FORMAT = dwarf;
				ENABLE_STRICT_OBJC_MSGSEND = YES;
				ENABLE_TESTABILITY = YES;
				GCC_C_LANGUAGE_STANDARD = gnu99;
				GCC_DYNAMIC_NO_PIC = NO;
				GCC_NO_COMMON_BLOCKS = YES;
				GCC_OPTIMIZATION_LEVEL = 0;
				GCC_PREPROCESSOR_DEFINITIONS = (
					"DEBUG=1",
					"$(inherited)",
				);
				GCC_WARN_64_TO_32_BIT_CONVERSION = YES;
				GCC_WARN_ABOUT_RETURN_TYPE = YES_ERROR;
				GCC_WARN_UNDECLARED_SELECTOR = YES;
				GCC_WARN_UNINITIALIZED_AUTOS = YES_AGGRESSIVE;
				GCC_WARN_UNUSED_FUNCTION = YES;
				GCC_WARN_UNUSED_VARIABLE = YES;
				IPHONEOS_DEPLOYMENT_TARGET = 9.2;
				MTL_ENABLE_DEBUG_INFO = YES;
				ONLY_ACTIVE_ARCH = YES;
				SDKROOT = iphoneos;
				SWIFT_OPTIMIZATION_LEVEL = "-Onone";
				TARGETED_DEVICE_FAMILY = "1,2";
			};
			name = Debug;
		};
		4D8FB78B1C7596CC00D936EE /* Release */ = {
			isa = XCBuildConfiguration;
			buildSettings = {
				ALWAYS_SEARCH_USER_PATHS = NO;
				CLANG_CXX_LANGUAGE_STANDARD = "gnu++0x";
				CLANG_CXX_LIBRARY = "libc++";
				CLANG_ENABLE_MODULES = YES;
				CLANG_ENABLE_OBJC_ARC = YES;
				CLANG_WARN_BOOL_CONVERSION = YES;
				CLANG_WARN_CONSTANT_CONVERSION = YES;
				CLANG_WARN_DIRECT_OBJC_ISA_USAGE = YES_ERROR;
				CLANG_WARN_EMPTY_BODY = YES;
				CLANG_WARN_ENUM_CONVERSION = YES;
				CLANG_WARN_INT_CONVERSION = YES;
				CLANG_WARN_OBJC_ROOT_CLASS = YES_ERROR;
				CLANG_WARN_UNREACHABLE_CODE = YES;
				CLANG_WARN__DUPLICATE_METHOD_MATCH = YES;
				"CODE_SIGN_IDENTITY[sdk=iphoneos*]" = "iPhone Developer";
				COPY_PHASE_STRIP = NO;
				DEBUG_INFORMATION_FORMAT = "dwarf-with-dsym";
				ENABLE_NS_ASSERTIONS = NO;
				ENABLE_STRICT_OBJC_MSGSEND = YES;
				GCC_C_LANGUAGE_STANDARD = gnu99;
				GCC_NO_COMMON_BLOCKS = YES;
				GCC_WARN_64_TO_32_BIT_CONVERSION = YES;
				GCC_WARN_ABOUT_RETURN_TYPE = YES_ERROR;
				GCC_WARN_UNDECLARED_SELECTOR = YES;
				GCC_WARN_UNINITIALIZED_AUTOS = YES_AGGRESSIVE;
				GCC_WARN_UNUSED_FUNCTION = YES;
				GCC_WARN_UNUSED_VARIABLE = YES;
				IPHONEOS_DEPLOYMENT_TARGET = 9.2;
				MTL_ENABLE_DEBUG_INFO = NO;
				SDKROOT = iphoneos;
				TARGETED_DEVICE_FAMILY = "1,2";
				VALIDATE_PRODUCT = YES;
			};
			name = Release;
		};
		4D8FB78D1C7596CC00D936EE /* Debug */ = {
			isa = XCBuildConfiguration;
			buildSettings = {
				ASSETCATALOG_COMPILER_APPICON_NAME = AppIcon;
				INFOPLIST_FILE = "mvc-basics/Info.plist";
				LD_RUNPATH_SEARCH_PATHS = "$(inherited) @executable_path/Frameworks";
				PRODUCT_BUNDLE_IDENTIFIER = "com.dryverless.mvc-basics";
				PRODUCT_NAME = "$(TARGET_NAME)";
			};
			name = Debug;
		};
		4D8FB78E1C7596CC00D936EE /* Release */ = {
			isa = XCBuildConfiguration;
			buildSettings = {
				ASSETCATALOG_COMPILER_APPICON_NAME = AppIcon;
				INFOPLIST_FILE = "mvc-basics/Info.plist";
				LD_RUNPATH_SEARCH_PATHS = "$(inherited) @executable_path/Frameworks";
				PRODUCT_BUNDLE_IDENTIFIER = "com.dryverless.mvc-basics";
				PRODUCT_NAME = "$(TARGET_NAME)";
			};
			name = Release;
		};
/* End XCBuildConfiguration section */

/* Begin XCConfigurationList section */
		4D8FB7751C7596CC00D936EE /* Build configuration list for PBXProject "mvc-basics" */ = {
			isa = XCConfigurationList;
			buildConfigurations = (
				4D8FB78A1C7596CC00D936EE /* Debug */,
				4D8FB78B1C7596CC00D936EE /* Release */,
			);
			defaultConfigurationIsVisible = 0;
			defaultConfigurationName = Release;
		};
		4D8FB78C1C7596CC00D936EE /* Build configuration list for PBXNativeTarget "mvc-basics" */ = {
			isa = XCConfigurationList;
			buildConfigurations = (
				4D8FB78D1C7596CC00D936EE /* Debug */,
				4D8FB78E1C7596CC00D936EE /* Release */,
			);
			defaultConfigurationIsVisible = 0;
		};
/* End XCConfigurationList section */
	};
	rootObject = 4D8FB7721C7596CC00D936EE /* Project object */;
}
