// !$*UTF8*$!
{
	archiveVersion = 1;
	classes = {
	};
	objectVersion = 46;
	objects = {

/* Begin PBXBuildFile section */
		4DF9305F1C787BF600DE5F52 /* AppDelegate.swift in Sources */ = {isa = PBXBuildFile; fileRef = 4DF9305E1C787BF600DE5F52 /* AppDelegate.swift */; };
		4DF930611C787BF600DE5F52 /* ViewController.swift in Sources */ = {isa = PBXBuildFile; fileRef = 4DF930601C787BF600DE5F52 /* ViewController.swift */; };
		4DF930641C787BF600DE5F52 /* Main.storyboard in Resources */ = {isa = PBXBuildFile; fileRef = 4DF930621C787BF600DE5F52 /* Main.storyboard */; };
		4DF930661C787BF600DE5F52 /* Assets.xcassets in Resources */ = {isa = PBXBuildFile; fileRef = 4DF930651C787BF600DE5F52 /* Assets.xcassets */; };
		4DF930691C787BF600DE5F52 /* LaunchScreen.storyboard in Resources */ = {isa = PBXBuildFile; fileRef = 4DF930671C787BF600DE5F52 /* LaunchScreen.storyboard */; };
		4DF930751C78841200DE5F52 /* FenwayVC.swift in Sources */ = {isa = PBXBuildFile; fileRef = 4DF930731C78841200DE5F52 /* FenwayVC.swift */; };
		4DF930761C78841200DE5F52 /* FenwayVC.xib in Resources */ = {isa = PBXBuildFile; fileRef = 4DF930741C78841200DE5F52 /* FenwayVC.xib */; };
		4DF930791C78843400DE5F52 /* FenwayPhotosVC.swift in Sources */ = {isa = PBXBuildFile; fileRef = 4DF930771C78843400DE5F52 /* FenwayPhotosVC.swift */; };
		4DF9307A1C78843400DE5F52 /* FenwayPhotosVC.xib in Resources */ = {isa = PBXBuildFile; fileRef = 4DF930781C78843400DE5F52 /* FenwayPhotosVC.xib */; };
		4DF9307D1C78844D00DE5F52 /* FenwayDetailsVC.swift in Sources */ = {isa = PBXBuildFile; fileRef = 4DF9307B1C78844D00DE5F52 /* FenwayDetailsVC.swift */; };
		4DF9307E1C78844D00DE5F52 /* FenwayDetailsVC.xib in Resources */ = {isa = PBXBuildFile; fileRef = 4DF9307C1C78844D00DE5F52 /* FenwayDetailsVC.xib */; };
		4DF930801C7885E800DE5F52 /* RoundedUIVisualEffectView.swift in Sources */ = {isa = PBXBuildFile; fileRef = 4DF9307F1C7885E800DE5F52 /* RoundedUIVisualEffectView.swift */; };
		4DF930A41C78B74700DE5F52 /* RoundedButton.swift in Sources */ = {isa = PBXBuildFile; fileRef = 4DF930A31C78B74700DE5F52 /* RoundedButton.swift */; };
		4DF930A61C78BE4900DE5F52 /* RoundedImage.swift in Sources */ = {isa = PBXBuildFile; fileRef = 4DF930A51C78BE4900DE5F52 /* RoundedImage.swift */; };
/* End PBXBuildFile section */

/* Begin PBXFileReference section */
		4DF9305B1C787BF600DE5F52 /* favorite-place-exercise.app */ = {isa = PBXFileReference; explicitFileType = wrapper.application; includeInIndex = 0; path = "favorite-place-exercise.app"; sourceTree = BUILT_PRODUCTS_DIR; };
		4DF9305E1C787BF600DE5F52 /* AppDelegate.swift */ = {isa = PBXFileReference; lastKnownFileType = sourcecode.swift; path = AppDelegate.swift; sourceTree = "<group>"; };
		4DF930601C787BF600DE5F52 /* ViewController.swift */ = {isa = PBXFileReference; lastKnownFileType = sourcecode.swift; path = ViewController.swift; sourceTree = "<group>"; };
		4DF930631C787BF600DE5F52 /* Base */ = {isa = PBXFileReference; lastKnownFileType = file.storyboard; name = Base; path = Base.lproj/Main.storyboard; sourceTree = "<group>"; };
		4DF930651C787BF600DE5F52 /* Assets.xcassets */ = {isa = PBXFileReference; lastKnownFileType = folder.assetcatalog; path = Assets.xcassets; sourceTree = "<group>"; };
		4DF930681C787BF600DE5F52 /* Base */ = {isa = PBXFileReference; lastKnownFileType = file.storyboard; name = Base; path = Base.lproj/LaunchScreen.storyboard; sourceTree = "<group>"; };
		4DF9306A1C787BF600DE5F52 /* Info.plist */ = {isa = PBXFileReference; lastKnownFileType = text.plist.xml; path = Info.plist; sourceTree = "<group>"; };
		4DF930731C78841200DE5F52 /* FenwayVC.swift */ = {isa = PBXFileReference; fileEncoding = 4; lastKnownFileType = sourcecode.swift; path = FenwayVC.swift; sourceTree = "<group>"; };
		4DF930741C78841200DE5F52 /* FenwayVC.xib */ = {isa = PBXFileReference; fileEncoding = 4; lastKnownFileType = file.xib; path = FenwayVC.xib; sourceTree = "<group>"; };
		4DF930771C78843400DE5F52 /* FenwayPhotosVC.swift */ = {isa = PBXFileReference; fileEncoding = 4; lastKnownFileType = sourcecode.swift; path = FenwayPhotosVC.swift; sourceTree = "<group>"; };
		4DF930781C78843400DE5F52 /* FenwayPhotosVC.xib */ = {isa = PBXFileReference; fileEncoding = 4; lastKnownFileType = file.xib; path = FenwayPhotosVC.xib; sourceTree = "<group>"; };
		4DF9307B1C78844D00DE5F52 /* FenwayDetailsVC.swift */ = {isa = PBXFileReference; fileEncoding = 4; lastKnownFileType = sourcecode.swift; path = FenwayDetailsVC.swift; sourceTree = "<group>"; };
		4DF9307C1C78844D00DE5F52 /* FenwayDetailsVC.xib */ = {isa = PBXFileReference; fileEncoding = 4; lastKnownFileType = file.xib; path = FenwayDetailsVC.xib; sourceTree = "<group>"; };
		4DF9307F1C7885E800DE5F52 /* RoundedUIVisualEffectView.swift */ = {isa = PBXFileReference; fileEncoding = 4; lastKnownFileType = sourcecode.swift; path = RoundedUIVisualEffectView.swift; sourceTree = "<group>"; };
		4DF930A31C78B74700DE5F52 /* RoundedButton.swift */ = {isa = PBXFileReference; fileEncoding = 4; lastKnownFileType = sourcecode.swift; path = RoundedButton.swift; sourceTree = "<group>"; };
		4DF930A51C78BE4900DE5F52 /* RoundedImage.swift */ = {isa = PBXFileReference; fileEncoding = 4; lastKnownFileType = sourcecode.swift; path = RoundedImage.swift; sourceTree = "<group>"; };
/* End PBXFileReference section */

/* Begin PBXFrameworksBuildPhase section */
		4DF930581C787BF600DE5F52 /* Frameworks */ = {
			isa = PBXFrameworksBuildPhase;
			buildActionMask = 2147483647;
			files = (
			);
			runOnlyForDeploymentPostprocessing = 0;
		};
/* End PBXFrameworksBuildPhase section */

/* Begin PBXGroup section */
		4DF930521C787BF600DE5F52 = {
			isa = PBXGroup;
			children = (
				4DF9305D1C787BF600DE5F52 /* favorite-place-exercise */,
				4DF9305C1C787BF600DE5F52 /* Products */,
			);
			sourceTree = "<group>";
		};
		4DF9305C1C787BF600DE5F52 /* Products */ = {
			isa = PBXGroup;
			children = (
				4DF9305B1C787BF600DE5F52 /* favorite-place-exercise.app */,
			);
			name = Products;
			sourceTree = "<group>";
		};
		4DF9305D1C787BF600DE5F52 /* favorite-place-exercise */ = {
			isa = PBXGroup;
			children = (
				4DF930721C78835B00DE5F52 /* Controller */,
				4DF930711C78835600DE5F52 /* Model */,
				4DF930701C78835100DE5F52 /* View */,
				4DF930601C787BF600DE5F52 /* ViewController.swift */,
				4DF9305E1C787BF600DE5F52 /* AppDelegate.swift */,
				4DF930621C787BF600DE5F52 /* Main.storyboard */,
				4DF930651C787BF600DE5F52 /* Assets.xcassets */,
				4DF930671C787BF600DE5F52 /* LaunchScreen.storyboard */,
				4DF9306A1C787BF600DE5F52 /* Info.plist */,
			);
			path = "favorite-place-exercise";
			sourceTree = "<group>";
		};
		4DF930701C78835100DE5F52 /* View */ = {
			isa = PBXGroup;
			children = (
				4DF930741C78841200DE5F52 /* FenwayVC.xib */,
				4DF9307C1C78844D00DE5F52 /* FenwayDetailsVC.xib */,
				4DF930781C78843400DE5F52 /* FenwayPhotosVC.xib */,
				4DF9307F1C7885E800DE5F52 /* RoundedUIVisualEffectView.swift */,
				4DF930A31C78B74700DE5F52 /* RoundedButton.swift */,
				4DF930A51C78BE4900DE5F52 /* RoundedImage.swift */,
			);
			name = View;
			sourceTree = "<group>";
		};
		4DF930711C78835600DE5F52 /* Model */ = {
			isa = PBXGroup;
			children = (
			);
			name = Model;
			sourceTree = "<group>";
		};
		4DF930721C78835B00DE5F52 /* Controller */ = {
			isa = PBXGroup;
			children = (
				4DF930731C78841200DE5F52 /* FenwayVC.swift */,
				4DF930771C78843400DE5F52 /* FenwayPhotosVC.swift */,
				4DF9307B1C78844D00DE5F52 /* FenwayDetailsVC.swift */,
			);
			name = Controller;
			sourceTree = "<group>";
		};
/* End PBXGroup section */

/* Begin PBXNativeTarget section */
		4DF9305A1C787BF600DE5F52 /* favorite-place-exercise */ = {
			isa = PBXNativeTarget;
			buildConfigurationList = 4DF9306D1C787BF600DE5F52 /* Build configuration list for PBXNativeTarget "favorite-place-exercise" */;
			buildPhases = (
				4DF930571C787BF600DE5F52 /* Sources */,
				4DF930581C787BF600DE5F52 /* Frameworks */,
				4DF930591C787BF600DE5F52 /* Resources */,
			);
			buildRules = (
			);
			dependencies = (
			);
			name = "favorite-place-exercise";
			productName = "favorite-place-exercise";
			productReference = 4DF9305B1C787BF600DE5F52 /* favorite-place-exercise.app */;
			productType = "com.apple.product-type.application";
		};
/* End PBXNativeTarget section */

/* Begin PBXProject section */
		4DF930531C787BF600DE5F52 /* Project object */ = {
			isa = PBXProject;
			attributes = {
				LastSwiftUpdateCheck = 0720;
				LastUpgradeCheck = 0720;
				ORGANIZATIONNAME = dryverless;
				TargetAttributes = {
					4DF9305A1C787BF600DE5F52 = {
						CreatedOnToolsVersion = 7.2;
					};
				};
			};
			buildConfigurationList = 4DF930561C787BF600DE5F52 /* Build configuration list for PBXProject "favorite-place-exercise" */;
			compatibilityVersion = "Xcode 3.2";
			developmentRegion = English;
			hasScannedForEncodings = 0;
			knownRegions = (
				en,
				Base,
			);
			mainGroup = 4DF930521C787BF600DE5F52;
			productRefGroup = 4DF9305C1C787BF600DE5F52 /* Products */;
			projectDirPath = "";
			projectRoot = "";
			targets = (
				4DF9305A1C787BF600DE5F52 /* favorite-place-exercise */,
			);
		};
/* End PBXProject section */

/* Begin PBXResourcesBuildPhase section */
		4DF930591C787BF600DE5F52 /* Resources */ = {
			isa = PBXResourcesBuildPhase;
			buildActionMask = 2147483647;
			files = (
				4DF930761C78841200DE5F52 /* FenwayVC.xib in Resources */,
				4DF9307A1C78843400DE5F52 /* FenwayPhotosVC.xib in Resources */,
				4DF930691C787BF600DE5F52 /* LaunchScreen.storyboard in Resources */,
				4DF9307E1C78844D00DE5F52 /* FenwayDetailsVC.xib in Resources */,
				4DF930661C787BF600DE5F52 /* Assets.xcassets in Resources */,
				4DF930641C787BF600DE5F52 /* Main.storyboard in Resources */,
			);
			runOnlyForDeploymentPostprocessing = 0;
		};
/* End PBXResourcesBuildPhase section */

/* Begin PBXSourcesBuildPhase section */
		4DF930571C787BF600DE5F52 /* Sources */ = {
			isa = PBXSourcesBuildPhase;
			buildActionMask = 2147483647;
			files = (
				4DF930751C78841200DE5F52 /* FenwayVC.swift in Sources */,
				4DF930A61C78BE4900DE5F52 /* RoundedImage.swift in Sources */,
				4DF930801C7885E800DE5F52 /* RoundedUIVisualEffectView.swift in Sources */,
				4DF930611C787BF600DE5F52 /* ViewController.swift in Sources */,
				4DF9305F1C787BF600DE5F52 /* AppDelegate.swift in Sources */,
				4DF930A41C78B74700DE5F52 /* RoundedButton.swift in Sources */,
				4DF930791C78843400DE5F52 /* FenwayPhotosVC.swift in Sources */,
				4DF9307D1C78844D00DE5F52 /* FenwayDetailsVC.swift in Sources */,
			);
			runOnlyForDeploymentPostprocessing = 0;
		};
/* End PBXSourcesBuildPhase section */

/* Begin PBXVariantGroup section */
		4DF930621C787BF600DE5F52 /* Main.storyboard */ = {
			isa = PBXVariantGroup;
			children = (
				4DF930631C787BF600DE5F52 /* Base */,
			);
			name = Main.storyboard;
			sourceTree = "<group>";
		};
		4DF930671C787BF600DE5F52 /* LaunchScreen.storyboard */ = {
			isa = PBXVariantGroup;
			children = (
				4DF930681C787BF600DE5F52 /* Base */,
			);
			name = LaunchScreen.storyboard;
			sourceTree = "<group>";
		};
/* End PBXVariantGroup section */

/* Begin XCBuildConfiguration section */
		4DF9306B1C787BF600DE5F52 /* Debug */ = {
			isa = XCBuildConfiguration;
			buildSettings = {
				ALWAYS_SEARCH_USER_PATHS = NO;
				CLANG_CXX_LANGUAGE_STANDARD = "gnu++0x";
				CLANG_CXX_LIBRARY = "libc++";
				CLANG_ENABLE_MODULES = YES;
				CLANG_ENABLE_OBJC_ARC = YES;
				CLANG_WARN_BOOL_CONVERSION = YES;
				CLANG_WARN_CONSTANT_CONVERSION = YES;
				CLANG_WARN_DIRECT_OBJC_ISA_USAGE = YES_ERROR;
				CLANG_WARN_EMPTY_BODY = YES;
				CLANG_WARN_ENUM_CONVERSION = YES;
				CLANG_WARN_INT_CONVERSION = YES;
				CLANG_WARN_OBJC_ROOT_CLASS = YES_ERROR;
				CLANG_WARN_UNREACHABLE_CODE = YES;
				CLANG_WARN__DUPLICATE_METHOD_MATCH = YES;
				"CODE_SIGN_IDENTITY[sdk=iphoneos*]" = "iPhone Developer";
				COPY_PHASE_STRIP = NO;
				DEBUG_INFORMATION_FORMAT = dwarf;
				ENABLE_STRICT_OBJC_MSGSEND = YES;
				ENABLE_TESTABILITY = YES;
				GCC_C_LANGUAGE_STANDARD = gnu99;
				GCC_DYNAMIC_NO_PIC = NO;
				GCC_NO_COMMON_BLOCKS = YES;
				GCC_OPTIMIZATION_LEVEL = 0;
				GCC_PREPROCESSOR_DEFINITIONS = (
					"DEBUG=1",
					"$(inherited)",
				);
				GCC_WARN_64_TO_32_BIT_CONVERSION = YES;
				GCC_WARN_ABOUT_RETURN_TYPE = YES_ERROR;
				GCC_WARN_UNDECLARED_SELECTOR = YES;
				GCC_WARN_UNINITIALIZED_AUTOS = YES_AGGRESSIVE;
				GCC_WARN_UNUSED_FUNCTION = YES;
				GCC_WARN_UNUSED_VARIABLE = YES;
				IPHONEOS_DEPLOYMENT_TARGET = 9.2;
				MTL_ENABLE_DEBUG_INFO = YES;
				ONLY_ACTIVE_ARCH = YES;
				SDKROOT = iphoneos;
				SWIFT_OPTIMIZATION_LEVEL = "-Onone";
				TARGETED_DEVICE_FAMILY = "1,2";
			};
			name = Debug;
		};
		4DF9306C1C787BF600DE5F52 /* Release */ = {
			isa = XCBuildConfiguration;
			buildSettings = {
				ALWAYS_SEARCH_USER_PATHS = NO;
				CLANG_CXX_LANGUAGE_STANDARD = "gnu++0x";
				CLANG_CXX_LIBRARY = "libc++";
				CLANG_ENABLE_MODULES = YES;
				CLANG_ENABLE_OBJC_ARC = YES;
				CLANG_WARN_BOOL_CONVERSION = YES;
				CLANG_WARN_CONSTANT_CONVERSION = YES;
				CLANG_WARN_DIRECT_OBJC_ISA_USAGE = YES_ERROR;
				CLANG_WARN_EMPTY_BODY = YES;
				CLANG_WARN_ENUM_CONVERSION = YES;
				CLANG_WARN_INT_CONVERSION = YES;
				CLANG_WARN_OBJC_ROOT_CLASS = YES_ERROR;
				CLANG_WARN_UNREACHABLE_CODE = YES;
				CLANG_WARN__DUPLICATE_METHOD_MATCH = YES;
				"CODE_SIGN_IDENTITY[sdk=iphoneos*]" = "iPhone Developer";
				COPY_PHASE_STRIP = NO;
				DEBUG_INFORMATION_FORMAT = "dwarf-with-dsym";
				ENABLE_NS_ASSERTIONS = NO;
				ENABLE_STRICT_OBJC_MSGSEND = YES;
				GCC_C_LANGUAGE_STANDARD = gnu99;
				GCC_NO_COMMON_BLOCKS = YES;
				GCC_WARN_64_TO_32_BIT_CONVERSION = YES;
				GCC_WARN_ABOUT_RETURN_TYPE = YES_ERROR;
				GCC_WARN_UNDECLARED_SELECTOR = YES;
				GCC_WARN_UNINITIALIZED_AUTOS = YES_AGGRESSIVE;
				GCC_WARN_UNUSED_FUNCTION = YES;
				GCC_WARN_UNUSED_VARIABLE = YES;
				IPHONEOS_DEPLOYMENT_TARGET = 9.2;
				MTL_ENABLE_DEBUG_INFO = NO;
				SDKROOT = iphoneos;
				TARGETED_DEVICE_FAMILY = "1,2";
				VALIDATE_PRODUCT = YES;
			};
			name = Release;
		};
		4DF9306E1C787BF600DE5F52 /* Debug */ = {
			isa = XCBuildConfiguration;
			buildSettings = {
				ASSETCATALOG_COMPILER_APPICON_NAME = AppIcon;
				INFOPLIST_FILE = "favorite-place-exercise/Info.plist";
				LD_RUNPATH_SEARCH_PATHS = "$(inherited) @executable_path/Frameworks";
				PRODUCT_BUNDLE_IDENTIFIER = "com.dryverless.favorite-place-exercise";
				PRODUCT_NAME = "$(TARGET_NAME)";
			};
			name = Debug;
		};
		4DF9306F1C787BF600DE5F52 /* Release */ = {
			isa = XCBuildConfiguration;
			buildSettings = {
				ASSETCATALOG_COMPILER_APPICON_NAME = AppIcon;
				INFOPLIST_FILE = "favorite-place-exercise/Info.plist";
				LD_RUNPATH_SEARCH_PATHS = "$(inherited) @executable_path/Frameworks";
				PRODUCT_BUNDLE_IDENTIFIER = "com.dryverless.favorite-place-exercise";
				PRODUCT_NAME = "$(TARGET_NAME)";
			};
			name = Release;
		};
/* End XCBuildConfiguration section */

/* Begin XCConfigurationList section */
		4DF930561C787BF600DE5F52 /* Build configuration list for PBXProject "favorite-place-exercise" */ = {
			isa = XCConfigurationList;
			buildConfigurations = (
				4DF9306B1C787BF600DE5F52 /* Debug */,
				4DF9306C1C787BF600DE5F52 /* Release */,
			);
			defaultConfigurationIsVisible = 0;
			defaultConfigurationName = Release;
		};
		4DF9306D1C787BF600DE5F52 /* Build configuration list for PBXNativeTarget "favorite-place-exercise" */ = {
			isa = XCConfigurationList;
			buildConfigurations = (
				4DF9306E1C787BF600DE5F52 /* Debug */,
				4DF9306F1C787BF600DE5F52 /* Release */,
			);
			defaultConfigurationIsVisible = 0;
		};
/* End XCConfigurationList section */
	};
	rootObject = 4DF930531C787BF600DE5F52 /* Project object */;
}
