// !$*UTF8*$!
{
	archiveVersion = 1;
	classes = {
	};
	objectVersion = 46;
	objects = {

/* Begin PBXBuildFile section */
		4D0754311C73214F006DE812 /* AppDelegate.swift in Sources */ = {isa = PBXBuildFile; fileRef = 4D0754301C73214F006DE812 /* AppDelegate.swift */; };
		4D0754331C73214F006DE812 /* ViewController.swift in Sources */ = {isa = PBXBuildFile; fileRef = 4D0754321C73214F006DE812 /* ViewController.swift */; };
		4D0754361C73214F006DE812 /* Main.storyboard in Resources */ = {isa = PBXBuildFile; fileRef = 4D0754341C73214F006DE812 /* Main.storyboard */; };
		4D0754381C73214F006DE812 /* Assets.xcassets in Resources */ = {isa = PBXBuildFile; fileRef = 4D0754371C73214F006DE812 /* Assets.xcassets */; };
		4D07543B1C73214F006DE812 /* LaunchScreen.storyboard in Resources */ = {isa = PBXBuildFile; fileRef = 4D0754391C73214F006DE812 /* LaunchScreen.storyboard */; };
		4D0754431C732191006DE812 /* Character.swift in Sources */ = {isa = PBXBuildFile; fileRef = 4D0754421C732191006DE812 /* Character.swift */; };
		4D0754451C732199006DE812 /* Player.swift in Sources */ = {isa = PBXBuildFile; fileRef = 4D0754441C732199006DE812 /* Player.swift */; };
		4D0754471C7321B6006DE812 /* Soldier.swift in Sources */ = {isa = PBXBuildFile; fileRef = 4D0754461C7321B6006DE812 /* Soldier.swift */; };
		4D0754491C7321BF006DE812 /* Orc.swift in Sources */ = {isa = PBXBuildFile; fileRef = 4D0754481C7321BF006DE812 /* Orc.swift */; };
		4D07544B1C7332ED006DE812 /* Game.swift in Sources */ = {isa = PBXBuildFile; fileRef = 4D07544A1C7332ED006DE812 /* Game.swift */; };
		4D07544D1C7344DE006DE812 /* SoundEffect.swift in Sources */ = {isa = PBXBuildFile; fileRef = 4D07544C1C7344DE006DE812 /* SoundEffect.swift */; };
		4D0754551C735454006DE812 /* nomercy.mp3 in Resources */ = {isa = PBXBuildFile; fileRef = 4D0754521C735454006DE812 /* nomercy.mp3 */; };
		4D0754561C735454006DE812 /* strongpunch.mp3 in Resources */ = {isa = PBXBuildFile; fileRef = 4D0754531C735454006DE812 /* strongpunch.mp3 */; };
		4D0754571C735454006DE812 /* suspense.mp3 in Resources */ = {isa = PBXBuildFile; fileRef = 4D0754541C735454006DE812 /* suspense.mp3 */; };
		4D0754591C7354D0006DE812 /* Old-Code.swift in Sources */ = {isa = PBXBuildFile; fileRef = 4D0754581C7354D0006DE812 /* Old-Code.swift */; };
		4D07545B1C735867006DE812 /* feelings-of-twilight.mp3 in Resources */ = {isa = PBXBuildFile; fileRef = 4D07545A1C735867006DE812 /* feelings-of-twilight.mp3 */; };
		4D07545D1C735AA3006DE812 /* Attributions.swift in Sources */ = {isa = PBXBuildFile; fileRef = 4D07545C1C735AA3006DE812 /* Attributions.swift */; };
		4D0754661C737D99006DE812 /* getgoin.mp3 in Resources */ = {isa = PBXBuildFile; fileRef = 4D07545E1C737D99006DE812 /* getgoin.mp3 */; };
		4D0754671C737D99006DE812 /* happ.mp3 in Resources */ = {isa = PBXBuildFile; fileRef = 4D07545F1C737D99006DE812 /* happ.mp3 */; };
		4D0754681C737D99006DE812 /* lovechina.mp3 in Resources */ = {isa = PBXBuildFile; fileRef = 4D0754601C737D99006DE812 /* lovechina.mp3 */; };
		4D0754691C737D99006DE812 /* notgood.mp3 in Resources */ = {isa = PBXBuildFile; fileRef = 4D0754611C737D99006DE812 /* notgood.mp3 */; };
		4D07546A1C737D99006DE812 /* notnice.mp3 in Resources */ = {isa = PBXBuildFile; fileRef = 4D0754621C737D99006DE812 /* notnice.mp3 */; };
		4D07546B1C737D99006DE812 /* tellu.mp3 in Resources */ = {isa = PBXBuildFile; fileRef = 4D0754631C737D99006DE812 /* tellu.mp3 */; };
		4D07546C1C737D99006DE812 /* troub-4.mp3 in Resources */ = {isa = PBXBuildFile; fileRef = 4D0754641C737D99006DE812 /* troub-4.mp3 */; };
		4D07546D1C737D99006DE812 /* wonthapp.mp3 in Resources */ = {isa = PBXBuildFile; fileRef = 4D0754651C737D99006DE812 /* wonthapp.mp3 */; };
		4D0754701C737DA4006DE812 /* china.mp3 in Resources */ = {isa = PBXBuildFile; fileRef = 4D07546E1C737DA4006DE812 /* china.mp3 */; };
		4D0754711C737DA4006DE812 /* countrytroub.mp3 in Resources */ = {isa = PBXBuildFile; fileRef = 4D07546F1C737DA4006DE812 /* countrytroub.mp3 */; };
		4D0754761C738C76006DE812 /* The_United_States_Army_Old_Guard_Fife_and_Drum_Corps_-_01_-_ERAFNAF_Fanfare.mp3 in Resources */ = {isa = PBXBuildFile; fileRef = 4D0754721C738C76006DE812 /* The_United_States_Army_Old_Guard_Fife_and_Drum_Corps_-_01_-_ERAFNAF_Fanfare.mp3 */; };
		4D0754771C738C76006DE812 /* The_United_States_Army_Old_Guard_Fife_and_Drum_Corps_-_03_-_The_Presidents_March.mp3 in Resources */ = {isa = PBXBuildFile; fileRef = 4D0754731C738C76006DE812 /* The_United_States_Army_Old_Guard_Fife_and_Drum_Corps_-_03_-_The_Presidents_March.mp3 */; };
		4D0754781C738C76006DE812 /* The_United_States_Army_Old_Guard_Fife_and_Drum_Corps_-_16_-_Drum_Feature_Generations_from_the_Simple_Gifts_Show.mp3 in Resources */ = {isa = PBXBuildFile; fileRef = 4D0754741C738C76006DE812 /* The_United_States_Army_Old_Guard_Fife_and_Drum_Corps_-_16_-_Drum_Feature_Generations_from_the_Simple_Gifts_Show.mp3 */; };
		4D0754791C738C76006DE812 /* The_United_States_Army_Old_Guard_Fife_and_Drum_Corps_-_21_-_US_Army_Song_The_Caissons_Go_Rolling_Along.mp3 in Resources */ = {isa = PBXBuildFile; fileRef = 4D0754751C738C76006DE812 /* The_United_States_Army_Old_Guard_Fife_and_Drum_Corps_-_21_-_US_Army_Song_The_Caissons_Go_Rolling_Along.mp3 */; };
		4D07547B1C739E10006DE812 /* Trump.swift in Sources */ = {isa = PBXBuildFile; fileRef = 4D07547A1C739E10006DE812 /* Trump.swift */; };
		4D8FB72C1C73A33B00D936EE /* tick.mp3 in Resources */ = {isa = PBXBuildFile; fileRef = 4D8FB72B1C73A33B00D936EE /* tick.mp3 */; };
		4D8FB72E1C73A3D500D936EE /* realisticpunch.mp3 in Resources */ = {isa = PBXBuildFile; fileRef = 4D8FB72D1C73A3D500D936EE /* realisticpunch.mp3 */; };
		4D8FB7301C73A63800D936EE /* loudbang.mp3 in Resources */ = {isa = PBXBuildFile; fileRef = 4D8FB72F1C73A63800D936EE /* loudbang.mp3 */; };
		4D8FB7341C73AAD400D936EE /* ConfusedTravolta.swift in Sources */ = {isa = PBXBuildFile; fileRef = 4D8FB7331C73AAD400D936EE /* ConfusedTravolta.swift */; };
		4D8FB7361C73AB3000D936EE /* travolta.mov in Resources */ = {isa = PBXBuildFile; fileRef = 4D8FB7351C73AB3000D936EE /* travolta.mov */; };
		4D8FB7381C73ACDC00D936EE /* Fight.wav in Resources */ = {isa = PBXBuildFile; fileRef = 4D8FB7371C73ACDC00D936EE /* Fight.wav */; };
/* End PBXBuildFile section */

/* Begin PBXFileReference section */
		4D07542D1C73214F006DE812 /* advanced-game-exercise.app */ = {isa = PBXFileReference; explicitFileType = wrapper.application; includeInIndex = 0; path = "advanced-game-exercise.app"; sourceTree = BUILT_PRODUCTS_DIR; };
		4D0754301C73214F006DE812 /* AppDelegate.swift */ = {isa = PBXFileReference; lastKnownFileType = sourcecode.swift; path = AppDelegate.swift; sourceTree = "<group>"; };
		4D0754321C73214F006DE812 /* ViewController.swift */ = {isa = PBXFileReference; lastKnownFileType = sourcecode.swift; path = ViewController.swift; sourceTree = "<group>"; };
		4D0754351C73214F006DE812 /* Base */ = {isa = PBXFileReference; lastKnownFileType = file.storyboard; name = Base; path = Base.lproj/Main.storyboard; sourceTree = "<group>"; };
		4D0754371C73214F006DE812 /* Assets.xcassets */ = {isa = PBXFileReference; lastKnownFileType = folder.assetcatalog; path = Assets.xcassets; sourceTree = "<group>"; };
		4D07543A1C73214F006DE812 /* Base */ = {isa = PBXFileReference; lastKnownFileType = file.storyboard; name = Base; path = Base.lproj/LaunchScreen.storyboard; sourceTree = "<group>"; };
		4D07543C1C73214F006DE812 /* Info.plist */ = {isa = PBXFileReference; lastKnownFileType = text.plist.xml; path = Info.plist; sourceTree = "<group>"; };
		4D0754421C732191006DE812 /* Character.swift */ = {isa = PBXFileReference; fileEncoding = 4; lastKnownFileType = sourcecode.swift; path = Character.swift; sourceTree = "<group>"; };
		4D0754441C732199006DE812 /* Player.swift */ = {isa = PBXFileReference; fileEncoding = 4; lastKnownFileType = sourcecode.swift; path = Player.swift; sourceTree = "<group>"; };
		4D0754461C7321B6006DE812 /* Soldier.swift */ = {isa = PBXFileReference; fileEncoding = 4; lastKnownFileType = sourcecode.swift; path = Soldier.swift; sourceTree = "<group>"; };
		4D0754481C7321BF006DE812 /* Orc.swift */ = {isa = PBXFileReference; fileEncoding = 4; lastKnownFileType = sourcecode.swift; path = Orc.swift; sourceTree = "<group>"; };
		4D07544A1C7332ED006DE812 /* Game.swift */ = {isa = PBXFileReference; fileEncoding = 4; lastKnownFileType = sourcecode.swift; path = Game.swift; sourceTree = "<group>"; };
		4D07544C1C7344DE006DE812 /* SoundEffect.swift */ = {isa = PBXFileReference; fileEncoding = 4; lastKnownFileType = sourcecode.swift; path = SoundEffect.swift; sourceTree = "<group>"; };
		4D0754521C735454006DE812 /* nomercy.mp3 */ = {isa = PBXFileReference; lastKnownFileType = audio.mp3; path = nomercy.mp3; sourceTree = "<group>"; };
		4D0754531C735454006DE812 /* strongpunch.mp3 */ = {isa = PBXFileReference; lastKnownFileType = audio.mp3; path = strongpunch.mp3; sourceTree = "<group>"; };
		4D0754541C735454006DE812 /* suspense.mp3 */ = {isa = PBXFileReference; lastKnownFileType = audio.mp3; path = suspense.mp3; sourceTree = "<group>"; };
		4D0754581C7354D0006DE812 /* Old-Code.swift */ = {isa = PBXFileReference; fileEncoding = 4; lastKnownFileType = sourcecode.swift; path = "Old-Code.swift"; sourceTree = "<group>"; };
		4D07545A1C735867006DE812 /* feelings-of-twilight.mp3 */ = {isa = PBXFileReference; lastKnownFileType = audio.mp3; path = "feelings-of-twilight.mp3"; sourceTree = "<group>"; };
		4D07545C1C735AA3006DE812 /* Attributions.swift */ = {isa = PBXFileReference; fileEncoding = 4; lastKnownFileType = sourcecode.swift; path = Attributions.swift; sourceTree = "<group>"; };
		4D07545E1C737D99006DE812 /* getgoin.mp3 */ = {isa = PBXFileReference; lastKnownFileType = audio.mp3; path = getgoin.mp3; sourceTree = "<group>"; };
		4D07545F1C737D99006DE812 /* happ.mp3 */ = {isa = PBXFileReference; lastKnownFileType = audio.mp3; path = happ.mp3; sourceTree = "<group>"; };
		4D0754601C737D99006DE812 /* lovechina.mp3 */ = {isa = PBXFileReference; lastKnownFileType = audio.mp3; path = lovechina.mp3; sourceTree = "<group>"; };
		4D0754611C737D99006DE812 /* notgood.mp3 */ = {isa = PBXFileReference; lastKnownFileType = audio.mp3; path = notgood.mp3; sourceTree = "<group>"; };
		4D0754621C737D99006DE812 /* notnice.mp3 */ = {isa = PBXFileReference; lastKnownFileType = audio.mp3; path = notnice.mp3; sourceTree = "<group>"; };
		4D0754631C737D99006DE812 /* tellu.mp3 */ = {isa = PBXFileReference; lastKnownFileType = audio.mp3; path = tellu.mp3; sourceTree = "<group>"; };
		4D0754641C737D99006DE812 /* troub-4.mp3 */ = {isa = PBXFileReference; lastKnownFileType = audio.mp3; path = "troub-4.mp3"; sourceTree = "<group>"; };
		4D0754651C737D99006DE812 /* wonthapp.mp3 */ = {isa = PBXFileReference; lastKnownFileType = audio.mp3; path = wonthapp.mp3; sourceTree = "<group>"; };
		4D07546E1C737DA4006DE812 /* china.mp3 */ = {isa = PBXFileReference; lastKnownFileType = audio.mp3; path = china.mp3; sourceTree = "<group>"; };
		4D07546F1C737DA4006DE812 /* countrytroub.mp3 */ = {isa = PBXFileReference; lastKnownFileType = audio.mp3; path = countrytroub.mp3; sourceTree = "<group>"; };
		4D0754721C738C76006DE812 /* The_United_States_Army_Old_Guard_Fife_and_Drum_Corps_-_01_-_ERAFNAF_Fanfare.mp3 */ = {isa = PBXFileReference; lastKnownFileType = audio.mp3; path = "The_United_States_Army_Old_Guard_Fife_and_Drum_Corps_-_01_-_ERAFNAF_Fanfare.mp3"; sourceTree = "<group>"; };
		4D0754731C738C76006DE812 /* The_United_States_Army_Old_Guard_Fife_and_Drum_Corps_-_03_-_The_Presidents_March.mp3 */ = {isa = PBXFileReference; lastKnownFileType = audio.mp3; path = "The_United_States_Army_Old_Guard_Fife_and_Drum_Corps_-_03_-_The_Presidents_March.mp3"; sourceTree = "<group>"; };
		4D0754741C738C76006DE812 /* The_United_States_Army_Old_Guard_Fife_and_Drum_Corps_-_16_-_Drum_Feature_Generations_from_the_Simple_Gifts_Show.mp3 */ = {isa = PBXFileReference; lastKnownFileType = audio.mp3; path = "The_United_States_Army_Old_Guard_Fife_and_Drum_Corps_-_16_-_Drum_Feature_Generations_from_the_Simple_Gifts_Show.mp3"; sourceTree = "<group>"; };
		4D0754751C738C76006DE812 /* The_United_States_Army_Old_Guard_Fife_and_Drum_Corps_-_21_-_US_Army_Song_The_Caissons_Go_Rolling_Along.mp3 */ = {isa = PBXFileReference; lastKnownFileType = audio.mp3; path = "The_United_States_Army_Old_Guard_Fife_and_Drum_Corps_-_21_-_US_Army_Song_The_Caissons_Go_Rolling_Along.mp3"; sourceTree = "<group>"; };
		4D07547A1C739E10006DE812 /* Trump.swift */ = {isa = PBXFileReference; fileEncoding = 4; lastKnownFileType = sourcecode.swift; path = Trump.swift; sourceTree = "<group>"; };
		4D8FB72B1C73A33B00D936EE /* tick.mp3 */ = {isa = PBXFileReference; lastKnownFileType = audio.mp3; path = tick.mp3; sourceTree = "<group>"; };
		4D8FB72D1C73A3D500D936EE /* realisticpunch.mp3 */ = {isa = PBXFileReference; lastKnownFileType = audio.mp3; path = realisticpunch.mp3; sourceTree = "<group>"; };
		4D8FB72F1C73A63800D936EE /* loudbang.mp3 */ = {isa = PBXFileReference; lastKnownFileType = audio.mp3; path = loudbang.mp3; sourceTree = "<group>"; };
		4D8FB7331C73AAD400D936EE /* ConfusedTravolta.swift */ = {isa = PBXFileReference; fileEncoding = 4; lastKnownFileType = sourcecode.swift; path = ConfusedTravolta.swift; sourceTree = "<group>"; };
		4D8FB7351C73AB3000D936EE /* travolta.mov */ = {isa = PBXFileReference; lastKnownFileType = video.quicktime; path = travolta.mov; sourceTree = "<group>"; };
		4D8FB7371C73ACDC00D936EE /* Fight.wav */ = {isa = PBXFileReference; lastKnownFileType = audio.wav; path = Fight.wav; sourceTree = "<group>"; };
/* End PBXFileReference section */

/* Begin PBXFrameworksBuildPhase section */
		4D07542A1C73214F006DE812 /* Frameworks */ = {
			isa = PBXFrameworksBuildPhase;
			buildActionMask = 2147483647;
			files = (
			);
			runOnlyForDeploymentPostprocessing = 0;
		};
/* End PBXFrameworksBuildPhase section */

/* Begin PBXGroup section */
		4D0754241C73214F006DE812 = {
			isa = PBXGroup;
			children = (
				4D07542F1C73214F006DE812 /* advanced-game-exercise */,
				4D07542E1C73214F006DE812 /* Products */,
			);
			sourceTree = "<group>";
		};
		4D07542E1C73214F006DE812 /* Products */ = {
			isa = PBXGroup;
			children = (
				4D07542D1C73214F006DE812 /* advanced-game-exercise.app */,
			);
			name = Products;
			sourceTree = "<group>";
		};
		4D07542F1C73214F006DE812 /* advanced-game-exercise */ = {
			isa = PBXGroup;
			children = (
				4D0754721C738C76006DE812 /* The_United_States_Army_Old_Guard_Fife_and_Drum_Corps_-_01_-_ERAFNAF_Fanfare.mp3 */,
				4D0754731C738C76006DE812 /* The_United_States_Army_Old_Guard_Fife_and_Drum_Corps_-_03_-_The_Presidents_March.mp3 */,
				4D0754741C738C76006DE812 /* The_United_States_Army_Old_Guard_Fife_and_Drum_Corps_-_16_-_Drum_Feature_Generations_from_the_Simple_Gifts_Show.mp3 */,
				4D0754751C738C76006DE812 /* The_United_States_Army_Old_Guard_Fife_and_Drum_Corps_-_21_-_US_Army_Song_The_Caissons_Go_Rolling_Along.mp3 */,
				4D8FB7371C73ACDC00D936EE /* Fight.wav */,
				4D8FB72D1C73A3D500D936EE /* realisticpunch.mp3 */,
				4D8FB72B1C73A33B00D936EE /* tick.mp3 */,
				4D8FB7351C73AB3000D936EE /* travolta.mov */,
				4D07546E1C737DA4006DE812 /* china.mp3 */,
				4D07546F1C737DA4006DE812 /* countrytroub.mp3 */,
				4D8FB72F1C73A63800D936EE /* loudbang.mp3 */,
				4D07545E1C737D99006DE812 /* getgoin.mp3 */,
				4D07545F1C737D99006DE812 /* happ.mp3 */,
				4D0754601C737D99006DE812 /* lovechina.mp3 */,
				4D0754611C737D99006DE812 /* notgood.mp3 */,
				4D0754621C737D99006DE812 /* notnice.mp3 */,
				4D0754631C737D99006DE812 /* tellu.mp3 */,
				4D0754641C737D99006DE812 /* troub-4.mp3 */,
				4D0754651C737D99006DE812 /* wonthapp.mp3 */,
				4D07545A1C735867006DE812 /* feelings-of-twilight.mp3 */,
				4D0754521C735454006DE812 /* nomercy.mp3 */,
				4D0754531C735454006DE812 /* strongpunch.mp3 */,
				4D0754541C735454006DE812 /* suspense.mp3 */,
				4D0754301C73214F006DE812 /* AppDelegate.swift */,
				4D0754321C73214F006DE812 /* ViewController.swift */,
				4D0754341C73214F006DE812 /* Main.storyboard */,
				4D0754371C73214F006DE812 /* Assets.xcassets */,
				4D0754391C73214F006DE812 /* LaunchScreen.storyboard */,
				4D07543C1C73214F006DE812 /* Info.plist */,
				4D0754421C732191006DE812 /* Character.swift */,
				4D0754441C732199006DE812 /* Player.swift */,
				4D0754461C7321B6006DE812 /* Soldier.swift */,
				4D0754481C7321BF006DE812 /* Orc.swift */,
				4D07544A1C7332ED006DE812 /* Game.swift */,
				4D07544C1C7344DE006DE812 /* SoundEffect.swift */,
				4D0754581C7354D0006DE812 /* Old-Code.swift */,
				4D07545C1C735AA3006DE812 /* Attributions.swift */,
				4D07547A1C739E10006DE812 /* Trump.swift */,
				4D8FB7331C73AAD400D936EE /* ConfusedTravolta.swift */,
			);
			path = "advanced-game-exercise";
			sourceTree = "<group>";
		};
/* End PBXGroup section */

/* Begin PBXNativeTarget section */
		4D07542C1C73214F006DE812 /* advanced-game-exercise */ = {
			isa = PBXNativeTarget;
			buildConfigurationList = 4D07543F1C73214F006DE812 /* Build configuration list for PBXNativeTarget "advanced-game-exercise" */;
			buildPhases = (
				4D0754291C73214F006DE812 /* Sources */,
				4D07542A1C73214F006DE812 /* Frameworks */,
				4D07542B1C73214F006DE812 /* Resources */,
			);
			buildRules = (
			);
			dependencies = (
			);
			name = "advanced-game-exercise";
			productName = "advanced-game-exercise";
			productReference = 4D07542D1C73214F006DE812 /* advanced-game-exercise.app */;
			productType = "com.apple.product-type.application";
		};
/* End PBXNativeTarget section */

/* Begin PBXProject section */
		4D0754251C73214F006DE812 /* Project object */ = {
			isa = PBXProject;
			attributes = {
				LastSwiftUpdateCheck = 0720;
				LastUpgradeCheck = 0720;
				ORGANIZATIONNAME = dryverless;
				TargetAttributes = {
					4D07542C1C73214F006DE812 = {
						CreatedOnToolsVersion = 7.2;
					};
				};
			};
			buildConfigurationList = 4D0754281C73214F006DE812 /* Build configuration list for PBXProject "advanced-game-exercise" */;
			compatibilityVersion = "Xcode 3.2";
			developmentRegion = English;
			hasScannedForEncodings = 0;
			knownRegions = (
				en,
				Base,
			);
			mainGroup = 4D0754241C73214F006DE812;
			productRefGroup = 4D07542E1C73214F006DE812 /* Products */;
			projectDirPath = "";
			projectRoot = "";
			targets = (
				4D07542C1C73214F006DE812 /* advanced-game-exercise */,
			);
		};
/* End PBXProject section */

/* Begin PBXResourcesBuildPhase section */
		4D07542B1C73214F006DE812 /* Resources */ = {
			isa = PBXResourcesBuildPhase;
			buildActionMask = 2147483647;
			files = (
				4D07545B1C735867006DE812 /* feelings-of-twilight.mp3 in Resources */,
				4D0754571C735454006DE812 /* suspense.mp3 in Resources */,
				4D0754671C737D99006DE812 /* happ.mp3 in Resources */,
				4D0754561C735454006DE812 /* strongpunch.mp3 in Resources */,
				4D0754781C738C76006DE812 /* The_United_States_Army_Old_Guard_Fife_and_Drum_Corps_-_16_-_Drum_Feature_Generations_from_the_Simple_Gifts_Show.mp3 in Resources */,
				4D07543B1C73214F006DE812 /* LaunchScreen.storyboard in Resources */,
				4D8FB72E1C73A3D500D936EE /* realisticpunch.mp3 in Resources */,
				4D0754761C738C76006DE812 /* The_United_States_Army_Old_Guard_Fife_and_Drum_Corps_-_01_-_ERAFNAF_Fanfare.mp3 in Resources */,
				4D07546B1C737D99006DE812 /* tellu.mp3 in Resources */,
				4D0754771C738C76006DE812 /* The_United_States_Army_Old_Guard_Fife_and_Drum_Corps_-_03_-_The_Presidents_March.mp3 in Resources */,
				4D07546C1C737D99006DE812 /* troub-4.mp3 in Resources */,
				4D8FB7381C73ACDC00D936EE /* Fight.wav in Resources */,
				4D07546A1C737D99006DE812 /* notnice.mp3 in Resources */,
				4D0754711C737DA4006DE812 /* countrytroub.mp3 in Resources */,
				4D0754691C737D99006DE812 /* notgood.mp3 in Resources */,
				4D0754381C73214F006DE812 /* Assets.xcassets in Resources */,
				4D0754701C737DA4006DE812 /* china.mp3 in Resources */,
				4D07546D1C737D99006DE812 /* wonthapp.mp3 in Resources */,
				4D0754791C738C76006DE812 /* The_United_States_Army_Old_Guard_Fife_and_Drum_Corps_-_21_-_US_Army_Song_The_Caissons_Go_Rolling_Along.mp3 in Resources */,
				4D0754551C735454006DE812 /* nomercy.mp3 in Resources */,
				4D0754661C737D99006DE812 /* getgoin.mp3 in Resources */,
				4D8FB72C1C73A33B00D936EE /* tick.mp3 in Resources */,
				4D8FB7361C73AB3000D936EE /* travolta.mov in Resources */,
				4D0754681C737D99006DE812 /* lovechina.mp3 in Resources */,
				4D8FB7301C73A63800D936EE /* loudbang.mp3 in Resources */,
				4D0754361C73214F006DE812 /* Main.storyboard in Resources */,
			);
			runOnlyForDeploymentPostprocessing = 0;
		};
/* End PBXResourcesBuildPhase section */

/* Begin PBXSourcesBuildPhase section */
		4D0754291C73214F006DE812 /* Sources */ = {
			isa = PBXSourcesBuildPhase;
			buildActionMask = 2147483647;
			files = (
				4D0754451C732199006DE812 /* Player.swift in Sources */,
				4D8FB7341C73AAD400D936EE /* ConfusedTravolta.swift in Sources */,
				4D0754471C7321B6006DE812 /* Soldier.swift in Sources */,
				4D07544D1C7344DE006DE812 /* SoundEffect.swift in Sources */,
				4D07544B1C7332ED006DE812 /* Game.swift in Sources */,
				4D0754491C7321BF006DE812 /* Orc.swift in Sources */,
				4D07547B1C739E10006DE812 /* Trump.swift in Sources */,
				4D0754431C732191006DE812 /* Character.swift in Sources */,
				4D0754591C7354D0006DE812 /* Old-Code.swift in Sources */,
				4D0754331C73214F006DE812 /* ViewController.swift in Sources */,
				4D0754311C73214F006DE812 /* AppDelegate.swift in Sources */,
				4D07545D1C735AA3006DE812 /* Attributions.swift in Sources */,
			);
			runOnlyForDeploymentPostprocessing = 0;
		};
/* End PBXSourcesBuildPhase section */

/* Begin PBXVariantGroup section */
		4D0754341C73214F006DE812 /* Main.storyboard */ = {
			isa = PBXVariantGroup;
			children = (
				4D0754351C73214F006DE812 /* Base */,
			);
			name = Main.storyboard;
			sourceTree = "<group>";
		};
		4D0754391C73214F006DE812 /* LaunchScreen.storyboard */ = {
			isa = PBXVariantGroup;
			children = (
				4D07543A1C73214F006DE812 /* Base */,
			);
			name = LaunchScreen.storyboard;
			sourceTree = "<group>";
		};
/* End PBXVariantGroup section */

/* Begin XCBuildConfiguration section */
		4D07543D1C73214F006DE812 /* Debug */ = {
			isa = XCBuildConfiguration;
			buildSettings = {
				ALWAYS_SEARCH_USER_PATHS = NO;
				CLANG_CXX_LANGUAGE_STANDARD = "gnu++0x";
				CLANG_CXX_LIBRARY = "libc++";
				CLANG_ENABLE_MODULES = YES;
				CLANG_ENABLE_OBJC_ARC = YES;
				CLANG_WARN_BOOL_CONVERSION = YES;
				CLANG_WARN_CONSTANT_CONVERSION = YES;
				CLANG_WARN_DIRECT_OBJC_ISA_USAGE = YES_ERROR;
				CLANG_WARN_EMPTY_BODY = YES;
				CLANG_WARN_ENUM_CONVERSION = YES;
				CLANG_WARN_INT_CONVERSION = YES;
				CLANG_WARN_OBJC_ROOT_CLASS = YES_ERROR;
				CLANG_WARN_UNREACHABLE_CODE = YES;
				CLANG_WARN__DUPLICATE_METHOD_MATCH = YES;
				"CODE_SIGN_IDENTITY[sdk=iphoneos*]" = "iPhone Developer";
				COPY_PHASE_STRIP = NO;
				DEBUG_INFORMATION_FORMAT = dwarf;
				ENABLE_STRICT_OBJC_MSGSEND = YES;
				ENABLE_TESTABILITY = YES;
				GCC_C_LANGUAGE_STANDARD = gnu99;
				GCC_DYNAMIC_NO_PIC = NO;
				GCC_NO_COMMON_BLOCKS = YES;
				GCC_OPTIMIZATION_LEVEL = 0;
				GCC_PREPROCESSOR_DEFINITIONS = (
					"DEBUG=1",
					"$(inherited)",
				);
				GCC_WARN_64_TO_32_BIT_CONVERSION = YES;
				GCC_WARN_ABOUT_RETURN_TYPE = YES_ERROR;
				GCC_WARN_UNDECLARED_SELECTOR = YES;
				GCC_WARN_UNINITIALIZED_AUTOS = YES_AGGRESSIVE;
				GCC_WARN_UNUSED_FUNCTION = YES;
				GCC_WARN_UNUSED_VARIABLE = YES;
				IPHONEOS_DEPLOYMENT_TARGET = 9.2;
				MTL_ENABLE_DEBUG_INFO = YES;
				ONLY_ACTIVE_ARCH = YES;
				SDKROOT = iphoneos;
				SWIFT_OPTIMIZATION_LEVEL = "-Onone";
				TARGETED_DEVICE_FAMILY = "1,2";
			};
			name = Debug;
		};
		4D07543E1C73214F006DE812 /* Release */ = {
			isa = XCBuildConfiguration;
			buildSettings = {
				ALWAYS_SEARCH_USER_PATHS = NO;
				CLANG_CXX_LANGUAGE_STANDARD = "gnu++0x";
				CLANG_CXX_LIBRARY = "libc++";
				CLANG_ENABLE_MODULES = YES;
				CLANG_ENABLE_OBJC_ARC = YES;
				CLANG_WARN_BOOL_CONVERSION = YES;
				CLANG_WARN_CONSTANT_CONVERSION = YES;
				CLANG_WARN_DIRECT_OBJC_ISA_USAGE = YES_ERROR;
				CLANG_WARN_EMPTY_BODY = YES;
				CLANG_WARN_ENUM_CONVERSION = YES;
				CLANG_WARN_INT_CONVERSION = YES;
				CLANG_WARN_OBJC_ROOT_CLASS = YES_ERROR;
				CLANG_WARN_UNREACHABLE_CODE = YES;
				CLANG_WARN__DUPLICATE_METHOD_MATCH = YES;
				"CODE_SIGN_IDENTITY[sdk=iphoneos*]" = "iPhone Developer";
				COPY_PHASE_STRIP = NO;
				DEBUG_INFORMATION_FORMAT = "dwarf-with-dsym";
				ENABLE_NS_ASSERTIONS = NO;
				ENABLE_STRICT_OBJC_MSGSEND = YES;
				GCC_C_LANGUAGE_STANDARD = gnu99;
				GCC_NO_COMMON_BLOCKS = YES;
				GCC_WARN_64_TO_32_BIT_CONVERSION = YES;
				GCC_WARN_ABOUT_RETURN_TYPE = YES_ERROR;
				GCC_WARN_UNDECLARED_SELECTOR = YES;
				GCC_WARN_UNINITIALIZED_AUTOS = YES_AGGRESSIVE;
				GCC_WARN_UNUSED_FUNCTION = YES;
				GCC_WARN_UNUSED_VARIABLE = YES;
				IPHONEOS_DEPLOYMENT_TARGET = 9.2;
				MTL_ENABLE_DEBUG_INFO = NO;
				SDKROOT = iphoneos;
				TARGETED_DEVICE_FAMILY = "1,2";
				VALIDATE_PRODUCT = YES;
			};
			name = Release;
		};
		4D0754401C73214F006DE812 /* Debug */ = {
			isa = XCBuildConfiguration;
			buildSettings = {
				ASSETCATALOG_COMPILER_APPICON_NAME = AppIcon;
				INFOPLIST_FILE = "advanced-game-exercise/Info.plist";
				LD_RUNPATH_SEARCH_PATHS = "$(inherited) @executable_path/Frameworks";
				PRODUCT_BUNDLE_IDENTIFIER = "com.dryverless.advanced-game-exercise";
				PRODUCT_NAME = "$(TARGET_NAME)";
			};
			name = Debug;
		};
		4D0754411C73214F006DE812 /* Release */ = {
			isa = XCBuildConfiguration;
			buildSettings = {
				ASSETCATALOG_COMPILER_APPICON_NAME = AppIcon;
				INFOPLIST_FILE = "advanced-game-exercise/Info.plist";
				LD_RUNPATH_SEARCH_PATHS = "$(inherited) @executable_path/Frameworks";
				PRODUCT_BUNDLE_IDENTIFIER = "com.dryverless.advanced-game-exercise";
				PRODUCT_NAME = "$(TARGET_NAME)";
			};
			name = Release;
		};
/* End XCBuildConfiguration section */

/* Begin XCConfigurationList section */
		4D0754281C73214F006DE812 /* Build configuration list for PBXProject "advanced-game-exercise" */ = {
			isa = XCConfigurationList;
			buildConfigurations = (
				4D07543D1C73214F006DE812 /* Debug */,
				4D07543E1C73214F006DE812 /* Release */,
			);
			defaultConfigurationIsVisible = 0;
			defaultConfigurationName = Release;
		};
		4D07543F1C73214F006DE812 /* Build configuration list for PBXNativeTarget "advanced-game-exercise" */ = {
			isa = XCConfigurationList;
			buildConfigurations = (
				4D0754401C73214F006DE812 /* Debug */,
				4D0754411C73214F006DE812 /* Release */,
			);
			defaultConfigurationIsVisible = 0;
			defaultConfigurationName = Release;
		};
/* End XCConfigurationList section */
	};
	rootObject = 4D0754251C73214F006DE812 /* Project object */;
}
